// !$*UTF8*$!
{
	archiveVersion = 1;
	classes = {
	};
	objectVersion = 46;
	objects = {

/* Begin PBXBuildFile section */
		033FF36C22C993410080AE6A /* AgoraRtcEngineKit.framework in Frameworks */ = {isa = PBXBuildFile; fileRef = 033FF36922C993410080AE6A /* AgoraRtcEngineKit.framework */; };
		077537C21ED5442900EF0878 /* libresolv.tbd in Frameworks */ = {isa = PBXBuildFile; fileRef = 077537C11ED5442900EF0878 /* libresolv.tbd */; };
		1A2655D81D3F3B2200BDBA68 /* AppID.m in Sources */ = {isa = PBXBuildFile; fileRef = 1A2655D71D3F3B2200BDBA68 /* AppID.m */; };
		1A8E8D3D1D396CAA002FA67C /* main.m in Sources */ = {isa = PBXBuildFile; fileRef = 1A8E8D3C1D396CAA002FA67C /* main.m */; };
		1A8E8D401D396CAA002FA67C /* AppDelegate.m in Sources */ = {isa = PBXBuildFile; fileRef = 1A8E8D3F1D396CAA002FA67C /* AppDelegate.m */; };
		1A8E8D431D396CAA002FA67C /* VideoChatViewController.m in Sources */ = {isa = PBXBuildFile; fileRef = 1A8E8D421D396CAA002FA67C /* VideoChatViewController.m */; };
		1A8E8D461D396CAA002FA67C /* Main.storyboard in Resources */ = {isa = PBXBuildFile; fileRef = 1A8E8D441D396CAA002FA67C /* Main.storyboard */; };
		1A8E8D481D396CAA002FA67C /* Assets.xcassets in Resources */ = {isa = PBXBuildFile; fileRef = 1A8E8D471D396CAA002FA67C /* Assets.xcassets */; };
		1A8E8D4B1D396CAA002FA67C /* LaunchScreen.storyboard in Resources */ = {isa = PBXBuildFile; fileRef = 1A8E8D491D396CAA002FA67C /* LaunchScreen.storyboard */; };
		1A8E8D751D396DBB002FA67C /* VideoToolbox.framework in Frameworks */ = {isa = PBXBuildFile; fileRef = 1A8E8D741D396DBB002FA67C /* VideoToolbox.framework */; };
		1A8E8D7B1D396DCA002FA67C /* CoreTelephony.framework in Frameworks */ = {isa = PBXBuildFile; fileRef = 1A8E8D7A1D396DCA002FA67C /* CoreTelephony.framework */; };
		1A8E8D7F1D396DD3002FA67C /* SystemConfiguration.framework in Frameworks */ = {isa = PBXBuildFile; fileRef = 1A8E8D7E1D396DD3002FA67C /* SystemConfiguration.framework */; };
		1A8E8D811D396DDE002FA67C /* libc++.1.dylib in Frameworks */ = {isa = PBXBuildFile; fileRef = 1A8E8D801D396DDE002FA67C /* libc++.1.dylib */; };
		381ADD34211849280001B2C0 /* Accelerate.framework in Frameworks */ = {isa = PBXBuildFile; fileRef = 381ADD33211849270001B2C0 /* Accelerate.framework */; };
		38D619322250B7E3004A6C87 /* CoreML.framework in Frameworks */ = {isa = PBXBuildFile; fileRef = 38D619312250B7E3004A6C87 /* CoreML.framework */; };
/* End PBXBuildFile section */

/* Begin PBXFileReference section */
		033FF36922C993410080AE6A /* AgoraRtcEngineKit.framework */ = {isa = PBXFileReference; lastKnownFileType = wrapper.framework; path = AgoraRtcEngineKit.framework; sourceTree = "<group>"; };
		077537C11ED5442900EF0878 /* libresolv.tbd */ = {isa = PBXFileReference; lastKnownFileType = "sourcecode.text-based-dylib-definition"; name = libresolv.tbd; path = usr/lib/libresolv.tbd; sourceTree = SDKROOT; };
		1A2655D61D3F3AF700BDBA68 /* AppID.h */ = {isa = PBXFileReference; lastKnownFileType = sourcecode.c.h; name = AppID.h; path = VideoChat/AppID.h; sourceTree = "<group>"; };
		1A2655D71D3F3B2200BDBA68 /* AppID.m */ = {isa = PBXFileReference; fileEncoding = 4; lastKnownFileType = sourcecode.c.objc; name = AppID.m; path = VideoChat/AppID.m; sourceTree = "<group>"; };
		1A8E8D381D396CAA002FA67C /* Agora iOS Tutorial Objective-C.app */ = {isa = PBXFileReference; explicitFileType = wrapper.application; includeInIndex = 0; path = "Agora iOS Tutorial Objective-C.app"; sourceTree = BUILT_PRODUCTS_DIR; };
		1A8E8D3C1D396CAA002FA67C /* main.m */ = {isa = PBXFileReference; lastKnownFileType = sourcecode.c.objc; path = main.m; sourceTree = "<group>"; };
		1A8E8D3E1D396CAA002FA67C /* AppDelegate.h */ = {isa = PBXFileReference; lastKnownFileType = sourcecode.c.h; path = AppDelegate.h; sourceTree = "<group>"; };
		1A8E8D3F1D396CAA002FA67C /* AppDelegate.m */ = {isa = PBXFileReference; lastKnownFileType = sourcecode.c.objc; path = AppDelegate.m; sourceTree = "<group>"; };
		1A8E8D411D396CAA002FA67C /* VideoChatViewController.h */ = {isa = PBXFileReference; lastKnownFileType = sourcecode.c.h; name = VideoChatViewController.h; path = VideoChat/VideoChatViewController.h; sourceTree = "<group>"; };
		1A8E8D421D396CAA002FA67C /* VideoChatViewController.m */ = {isa = PBXFileReference; lastKnownFileType = sourcecode.c.objc; name = VideoChatViewController.m; path = VideoChat/VideoChatViewController.m; sourceTree = "<group>"; };
		1A8E8D451D396CAA002FA67C /* Base */ = {isa = PBXFileReference; lastKnownFileType = file.storyboard; name = Base; path = Base.lproj/Main.storyboard; sourceTree = "<group>"; };
		1A8E8D471D396CAA002FA67C /* Assets.xcassets */ = {isa = PBXFileReference; lastKnownFileType = folder.assetcatalog; path = Assets.xcassets; sourceTree = "<group>"; };
		1A8E8D4A1D396CAA002FA67C /* Base */ = {isa = PBXFileReference; lastKnownFileType = file.storyboard; name = Base; path = Base.lproj/LaunchScreen.storyboard; sourceTree = "<group>"; };
		1A8E8D4C1D396CAA002FA67C /* Info.plist */ = {isa = PBXFileReference; lastKnownFileType = text.plist.xml; path = Info.plist; sourceTree = "<group>"; };
		1A8E8D741D396DBB002FA67C /* VideoToolbox.framework */ = {isa = PBXFileReference; lastKnownFileType = wrapper.framework; name = VideoToolbox.framework; path = System/Library/Frameworks/VideoToolbox.framework; sourceTree = SDKROOT; };
		1A8E8D7A1D396DCA002FA67C /* CoreTelephony.framework */ = {isa = PBXFileReference; lastKnownFileType = wrapper.framework; name = CoreTelephony.framework; path = System/Library/Frameworks/CoreTelephony.framework; sourceTree = SDKROOT; };
		1A8E8D7E1D396DD3002FA67C /* SystemConfiguration.framework */ = {isa = PBXFileReference; lastKnownFileType = wrapper.framework; name = SystemConfiguration.framework; path = System/Library/Frameworks/SystemConfiguration.framework; sourceTree = SDKROOT; };
		1A8E8D801D396DDE002FA67C /* libc++.1.dylib */ = {isa = PBXFileReference; lastKnownFileType = "compiled.mach-o.dylib"; name = "libc++.1.dylib"; path = "/usr/lib/libc++.1.dylib"; sourceTree = "<absolute>"; };
		381ADD33211849270001B2C0 /* Accelerate.framework */ = {isa = PBXFileReference; lastKnownFileType = wrapper.framework; name = Accelerate.framework; path = System/Library/Frameworks/Accelerate.framework; sourceTree = SDKROOT; };
		38D619312250B7E3004A6C87 /* CoreML.framework */ = {isa = PBXFileReference; lastKnownFileType = wrapper.framework; name = CoreML.framework; path = System/Library/Frameworks/CoreML.framework; sourceTree = SDKROOT; };
/* End PBXFileReference section */

/* Begin PBXFrameworksBuildPhase section */
		1A8E8D351D396CAA002FA67C /* Frameworks */ = {
			isa = PBXFrameworksBuildPhase;
			buildActionMask = 2147483647;
			files = (
				033FF36C22C993410080AE6A /* AgoraRtcEngineKit.framework in Frameworks */,
				381ADD34211849280001B2C0 /* Accelerate.framework in Frameworks */,
				1A8E8D7B1D396DCA002FA67C /* CoreTelephony.framework in Frameworks */,
				38D619322250B7E3004A6C87 /* CoreML.framework in Frameworks */,
				077537C21ED5442900EF0878 /* libresolv.tbd in Frameworks */,
				1A8E8D811D396DDE002FA67C /* libc++.1.dylib in Frameworks */,
				1A8E8D7F1D396DD3002FA67C /* SystemConfiguration.framework in Frameworks */,
				1A8E8D751D396DBB002FA67C /* VideoToolbox.framework in Frameworks */,
			);
			runOnlyForDeploymentPostprocessing = 0;
		};
/* End PBXFrameworksBuildPhase section */

/* Begin PBXGroup section */
		1A8E8D2F1D396CAA002FA67C = {
			isa = PBXGroup;
			children = (
				1A8E8D3A1D396CAA002FA67C /* Agora iOS Tutorial Objective-C */,
				1A8E8D6F1D396D3B002FA67C /* Frameworks */,
				1A8E8D391D396CAA002FA67C /* Products */,
			);
			sourceTree = "<group>";
		};
		1A8E8D391D396CAA002FA67C /* Products */ = {
			isa = PBXGroup;
			children = (
				1A8E8D381D396CAA002FA67C /* Agora iOS Tutorial Objective-C.app */,
			);
			name = Products;
			sourceTree = "<group>";
		};
		1A8E8D3A1D396CAA002FA67C /* Agora iOS Tutorial Objective-C */ = {
			isa = PBXGroup;
			children = (
				033FF36922C993410080AE6A /* AgoraRtcEngineKit.framework */,
				1A8E8D6E1D396CEC002FA67C /* VideoChat */,
				1A8E8D441D396CAA002FA67C /* Main.storyboard */,
				1A8E8D471D396CAA002FA67C /* Assets.xcassets */,
				1A8E8D491D396CAA002FA67C /* LaunchScreen.storyboard */,
				1A8E8D4C1D396CAA002FA67C /* Info.plist */,
				1A8E8D3B1D396CAA002FA67C /* Supporting Files */,
			);
			path = "Agora iOS Tutorial Objective-C";
			sourceTree = "<group>";
		};
		1A8E8D3B1D396CAA002FA67C /* Supporting Files */ = {
			isa = PBXGroup;
			children = (
				1A8E8D3E1D396CAA002FA67C /* AppDelegate.h */,
				1A8E8D3F1D396CAA002FA67C /* AppDelegate.m */,
				1A8E8D3C1D396CAA002FA67C /* main.m */,
			);
			name = "Supporting Files";
			sourceTree = "<group>";
		};
		1A8E8D6E1D396CEC002FA67C /* VideoChat */ = {
			isa = PBXGroup;
			children = (
				1A8E8D411D396CAA002FA67C /* VideoChatViewController.h */,
				1A8E8D421D396CAA002FA67C /* VideoChatViewController.m */,
				1A2655D61D3F3AF700BDBA68 /* AppID.h */,
				1A2655D71D3F3B2200BDBA68 /* AppID.m */,
			);
			name = VideoChat;
			sourceTree = "<group>";
		};
		1A8E8D6F1D396D3B002FA67C /* Frameworks */ = {
			isa = PBXGroup;
			children = (
				38D619312250B7E3004A6C87 /* CoreML.framework */,
				381ADD33211849270001B2C0 /* Accelerate.framework */,
				077537C11ED5442900EF0878 /* libresolv.tbd */,
				1A8E8D801D396DDE002FA67C /* libc++.1.dylib */,
				1A8E8D7E1D396DD3002FA67C /* SystemConfiguration.framework */,
				1A8E8D7A1D396DCA002FA67C /* CoreTelephony.framework */,
				1A8E8D741D396DBB002FA67C /* VideoToolbox.framework */,
			);
			name = Frameworks;
			path = "Agora iOS Tutorial Objective-C";
			sourceTree = "<group>";
		};
/* End PBXGroup section */

/* Begin PBXNativeTarget section */
		1A8E8D371D396CAA002FA67C /* Agora iOS Tutorial Objective-C */ = {
			isa = PBXNativeTarget;
			buildConfigurationList = 1A8E8D651D396CAA002FA67C /* Build configuration list for PBXNativeTarget "Agora iOS Tutorial Objective-C" */;
			buildPhases = (
				1A8E8D341D396CAA002FA67C /* Sources */,
				1A8E8D351D396CAA002FA67C /* Frameworks */,
				1A8E8D361D396CAA002FA67C /* Resources */,
			);
			buildRules = (
			);
			dependencies = (
			);
			name = "Agora iOS Tutorial Objective-C";
			productName = "Agora iOS Tutorial Objective-C";
			productReference = 1A8E8D381D396CAA002FA67C /* Agora iOS Tutorial Objective-C.app */;
			productType = "com.apple.product-type.application";
		};
/* End PBXNativeTarget section */

/* Begin PBXProject section */
		1A8E8D301D396CAA002FA67C /* Project object */ = {
			isa = PBXProject;
			attributes = {
				LastUpgradeCheck = 1020;
				ORGANIZATIONNAME = Agora.io;
				TargetAttributes = {
					1A8E8D371D396CAA002FA67C = {
						CreatedOnToolsVersion = 7.3.1;
						ProvisioningStyle = Manual;
						SystemCapabilities = {
							com.apple.BackgroundModes = {
								enabled = 1;
							};
						};
					};
				};
			};
			buildConfigurationList = 1A8E8D331D396CAA002FA67C /* Build configuration list for PBXProject "Agora iOS Tutorial Objective-C" */;
			compatibilityVersion = "Xcode 3.2";
			developmentRegion = en;
			hasScannedForEncodings = 0;
			knownRegions = (
				en,
				Base,
			);
			mainGroup = 1A8E8D2F1D396CAA002FA67C;
			productRefGroup = 1A8E8D391D396CAA002FA67C /* Products */;
			projectDirPath = "";
			projectRoot = "";
			targets = (
				1A8E8D371D396CAA002FA67C /* Agora iOS Tutorial Objective-C */,
			);
		};
/* End PBXProject section */

/* Begin PBXResourcesBuildPhase section */
		1A8E8D361D396CAA002FA67C /* Resources */ = {
			isa = PBXResourcesBuildPhase;
			buildActionMask = 2147483647;
			files = (
				1A8E8D4B1D396CAA002FA67C /* LaunchScreen.storyboard in Resources */,
				1A8E8D481D396CAA002FA67C /* Assets.xcassets in Resources */,
				1A8E8D461D396CAA002FA67C /* Main.storyboard in Resources */,
			);
			runOnlyForDeploymentPostprocessing = 0;
		};
/* End PBXResourcesBuildPhase section */

/* Begin PBXSourcesBuildPhase section */
		1A8E8D341D396CAA002FA67C /* Sources */ = {
			isa = PBXSourcesBuildPhase;
			buildActionMask = 2147483647;
			files = (
				1A8E8D431D396CAA002FA67C /* VideoChatViewController.m in Sources */,
				1A8E8D401D396CAA002FA67C /* AppDelegate.m in Sources */,
				1A8E8D3D1D396CAA002FA67C /* main.m in Sources */,
				1A2655D81D3F3B2200BDBA68 /* AppID.m in Sources */,
			);
			runOnlyForDeploymentPostprocessing = 0;
		};
/* End PBXSourcesBuildPhase section */

/* Begin PBXVariantGroup section */
		1A8E8D441D396CAA002FA67C /* Main.storyboard */ = {
			isa = PBXVariantGroup;
			children = (
				1A8E8D451D396CAA002FA67C /* Base */,
			);
			name = Main.storyboard;
			sourceTree = "<group>";
		};
		1A8E8D491D396CAA002FA67C /* LaunchScreen.storyboard */ = {
			isa = PBXVariantGroup;
			children = (
				1A8E8D4A1D396CAA002FA67C /* Base */,
			);
			name = LaunchScreen.storyboard;
			sourceTree = "<group>";
		};
/* End PBXVariantGroup section */

/* Begin XCBuildConfiguration section */
		1A8E8D631D396CAA002FA67C /* Debug */ = {
			isa = XCBuildConfiguration;
			buildSettings = {
				ALWAYS_SEARCH_USER_PATHS = NO;
				CLANG_ANALYZER_LOCALIZABILITY_NONLOCALIZED = YES;
				CLANG_ANALYZER_NONNULL = YES;
				CLANG_CXX_LANGUAGE_STANDARD = "gnu++0x";
				CLANG_CXX_LIBRARY = "libc++";
				CLANG_ENABLE_MODULES = YES;
				CLANG_ENABLE_OBJC_ARC = YES;
				CLANG_WARN_BLOCK_CAPTURE_AUTORELEASING = YES;
				CLANG_WARN_BOOL_CONVERSION = YES;
				CLANG_WARN_COMMA = YES;
				CLANG_WARN_CONSTANT_CONVERSION = YES;
				CLANG_WARN_DEPRECATED_OBJC_IMPLEMENTATIONS = YES;
				CLANG_WARN_DIRECT_OBJC_ISA_USAGE = YES_ERROR;
				CLANG_WARN_EMPTY_BODY = YES;
				CLANG_WARN_ENUM_CONVERSION = YES;
				CLANG_WARN_INFINITE_RECURSION = YES;
				CLANG_WARN_INT_CONVERSION = YES;
				CLANG_WARN_NON_LITERAL_NULL_CONVERSION = YES;
				CLANG_WARN_OBJC_IMPLICIT_RETAIN_SELF = YES;
				CLANG_WARN_OBJC_LITERAL_CONVERSION = YES;
				CLANG_WARN_OBJC_ROOT_CLASS = YES_ERROR;
				CLANG_WARN_RANGE_LOOP_ANALYSIS = YES;
				CLANG_WARN_STRICT_PROTOTYPES = YES;
				CLANG_WARN_SUSPICIOUS_MOVE = YES;
				CLANG_WARN_UNREACHABLE_CODE = YES;
				CLANG_WARN__DUPLICATE_METHOD_MATCH = YES;
				"CODE_SIGN_IDENTITY[sdk=iphoneos*]" = "iPhone Developer";
				COPY_PHASE_STRIP = NO;
				DEBUG_INFORMATION_FORMAT = dwarf;
				ENABLE_STRICT_OBJC_MSGSEND = YES;
				ENABLE_TESTABILITY = YES;
				GCC_C_LANGUAGE_STANDARD = gnu99;
				GCC_DYNAMIC_NO_PIC = NO;
				GCC_NO_COMMON_BLOCKS = YES;
				GCC_OPTIMIZATION_LEVEL = 0;
				GCC_PREPROCESSOR_DEFINITIONS = (
					"DEBUG=1",
					"$(inherited)",
				);
				GCC_WARN_64_TO_32_BIT_CONVERSION = YES;
				GCC_WARN_ABOUT_RETURN_TYPE = YES_ERROR;
				GCC_WARN_UNDECLARED_SELECTOR = YES;
				GCC_WARN_UNINITIALIZED_AUTOS = YES_AGGRESSIVE;
				GCC_WARN_UNUSED_FUNCTION = YES;
				GCC_WARN_UNUSED_VARIABLE = YES;
				IPHONEOS_DEPLOYMENT_TARGET = 9.3;
				MTL_ENABLE_DEBUG_INFO = YES;
				ONLY_ACTIVE_ARCH = YES;
				SDKROOT = iphoneos;
				TARGETED_DEVICE_FAMILY = "1,2";
			};
			name = Debug;
		};
		1A8E8D641D396CAA002FA67C /* Release */ = {
			isa = XCBuildConfiguration;
			buildSettings = {
				ALWAYS_SEARCH_USER_PATHS = NO;
				CLANG_ANALYZER_LOCALIZABILITY_NONLOCALIZED = YES;
				CLANG_ANALYZER_NONNULL = YES;
				CLANG_CXX_LANGUAGE_STANDARD = "gnu++0x";
				CLANG_CXX_LIBRARY = "libc++";
				CLANG_ENABLE_MODULES = YES;
				CLANG_ENABLE_OBJC_ARC = YES;
				CLANG_WARN_BLOCK_CAPTURE_AUTORELEASING = YES;
				CLANG_WARN_BOOL_CONVERSION = YES;
				CLANG_WARN_COMMA = YES;
				CLANG_WARN_CONSTANT_CONVERSION = YES;
				CLANG_WARN_DEPRECATED_OBJC_IMPLEMENTATIONS = YES;
				CLANG_WARN_DIRECT_OBJC_ISA_USAGE = YES_ERROR;
				CLANG_WARN_EMPTY_BODY = YES;
				CLANG_WARN_ENUM_CONVERSION = YES;
				CLANG_WARN_INFINITE_RECURSION = YES;
				CLANG_WARN_INT_CONVERSION = YES;
				CLANG_WARN_NON_LITERAL_NULL_CONVERSION = YES;
				CLANG_WARN_OBJC_IMPLICIT_RETAIN_SELF = YES;
				CLANG_WARN_OBJC_LITERAL_CONVERSION = YES;
				CLANG_WARN_OBJC_ROOT_CLASS = YES_ERROR;
				CLANG_WARN_RANGE_LOOP_ANALYSIS = YES;
				CLANG_WARN_STRICT_PROTOTYPES = YES;
				CLANG_WARN_SUSPICIOUS_MOVE = YES;
				CLANG_WARN_UNREACHABLE_CODE = YES;
				CLANG_WARN__DUPLICATE_METHOD_MATCH = YES;
				"CODE_SIGN_IDENTITY[sdk=iphoneos*]" = "iPhone Developer";
				COPY_PHASE_STRIP = NO;
				DEBUG_INFORMATION_FORMAT = "dwarf-with-dsym";
				ENABLE_NS_ASSERTIONS = NO;
				ENABLE_STRICT_OBJC_MSGSEND = YES;
				GCC_C_LANGUAGE_STANDARD = gnu99;
				GCC_NO_COMMON_BLOCKS = YES;
				GCC_WARN_64_TO_32_BIT_CONVERSION = YES;
				GCC_WARN_ABOUT_RETURN_TYPE = YES_ERROR;
				GCC_WARN_UNDECLARED_SELECTOR = YES;
				GCC_WARN_UNINITIALIZED_AUTOS = YES_AGGRESSIVE;
				GCC_WARN_UNUSED_FUNCTION = YES;
				GCC_WARN_UNUSED_VARIABLE = YES;
				IPHONEOS_DEPLOYMENT_TARGET = 9.3;
				MTL_ENABLE_DEBUG_INFO = NO;
				SDKROOT = iphoneos;
				TARGETED_DEVICE_FAMILY = "1,2";
				VALIDATE_PRODUCT = YES;
			};
			name = Release;
		};
		1A8E8D661D396CAA002FA67C /* Debug */ = {
			isa = XCBuildConfiguration;
			buildSettings = {
				ASSETCATALOG_COMPILER_APPICON_NAME = AppIcon;
				CODE_SIGN_STYLE = Manual;
				DEVELOPMENT_TEAM = "";
				ENABLE_BITCODE = YES;
				FRAMEWORK_SEARCH_PATHS = (
					"$(inherited)",
					"$(PROJECT_DIR)/libs",
					"$(PROJECT_DIR)/Agora\\ iOS\\ Tutorial\\ Objective-C",
					"$(PROJECT_DIR)/Agora\\ iOS\\ Tutorial\\ Objective-C",
					"$(PROJECT_DIR)/Agora\\ iOS\\ Tutorial\\ Objective-C",
					"$(PROJECT_DIR)/Agora\\ iOS\\ Tutorial\\ Objective-C",
				);
				INFOPLIST_FILE = "Agora iOS Tutorial Objective-C/Info.plist";
				IPHONEOS_DEPLOYMENT_TARGET = 9.3;
				LD_RUNPATH_SEARCH_PATHS = "$(inherited) @executable_path/Frameworks";
				LIBRARY_SEARCH_PATHS = (
					"$(inherited)",
					"$(PROJECT_DIR)/Agora\\ iOS\\ Tutorial\\ Objective-C",
					"$(PROJECT_DIR)/Agora\\ iOS\\ Tutorial\\ Objective-C",
				);
				PRODUCT_BUNDLE_IDENTIFIER = "io.agora.Agora-iOS-Tutorial-Objective-C";
				PRODUCT_NAME = "$(TARGET_NAME)";
				PROVISIONING_PROFILE_SPECIFIER = "";
			};
			name = Debug;
		};
		1A8E8D671D396CAA002FA67C /* Release */ = {
			isa = XCBuildConfiguration;
			buildSettings = {
				ASSETCATALOG_COMPILER_APPICON_NAME = AppIcon;
				CODE_SIGN_STYLE = Manual;
				DEVELOPMENT_TEAM = "";
				ENABLE_BITCODE = YES;
				FRAMEWORK_SEARCH_PATHS = (
					"$(inherited)",
					"$(PROJECT_DIR)/libs",
					"$(PROJECT_DIR)/Agora\\ iOS\\ Tutorial\\ Objective-C",
					"$(PROJECT_DIR)/Agora\\ iOS\\ Tutorial\\ Objective-C",
					"$(PROJECT_DIR)/Agora\\ iOS\\ Tutorial\\ Objective-C",
					"$(PROJECT_DIR)/Agora\\ iOS\\ Tutorial\\ Objective-C",
				);
				INFOPLIST_FILE = "Agora iOS Tutorial Objective-C/Info.plist";
				IPHONEOS_DEPLOYMENT_TARGET = 9.3;
				LD_RUNPATH_SEARCH_PATHS = "$(inherited) @executable_path/Frameworks";
				LIBRARY_SEARCH_PATHS = (
					"$(inherited)",
					"$(PROJECT_DIR)/Agora\\ iOS\\ Tutorial\\ Objective-C",
					"$(PROJECT_DIR)/Agora\\ iOS\\ Tutorial\\ Objective-C",
				);
				PRODUCT_BUNDLE_IDENTIFIER = "io.agora.Agora-iOS-Tutorial-Objective-C";
				PRODUCT_NAME = "$(TARGET_NAME)";
				PROVISIONING_PROFILE_SPECIFIER = "";
			};
			name = Release;
		};
/* End XCBuildConfiguration section */

/* Begin XCConfigurationList section */
		1A8E8D331D396CAA002FA67C /* Build configuration list for PBXProject "Agora iOS Tutorial Objective-C" */ = {
			isa = XCConfigurationList;
			buildConfigurations = (
				1A8E8D631D396CAA002FA67C /* Debug */,
				1A8E8D641D396CAA002FA67C /* Release */,
			);
			defaultConfigurationIsVisible = 0;
			defaultConfigurationName = Release;
		};
		1A8E8D651D396CAA002FA67C /* Build configuration list for PBXNativeTarget "Agora iOS Tutorial Objective-C" */ = {
			isa = XCConfigurationList;
			buildConfigurations = (
				1A8E8D661D396CAA002FA67C /* Debug */,
				1A8E8D671D396CAA002FA67C /* Release */,
			);
			defaultConfigurationIsVisible = 0;
			defaultConfigurationName = Release;
		};
/* End XCConfigurationList section */
	};
	rootObject = 1A8E8D301D396CAA002FA67C /* Project object */;
}
