<?xml version="1.0" encoding="utf-8"?>
<Project ToolsVersion="4.0" xmlns="http://schemas.microsoft.com/developer/msbuild/2003">
  <ItemGroup>
    <Filter Include="UI">
      <UniqueIdentifier>{037bfcf0-7fcd-4fbe-b0a1-0bbdbe0866d4}</UniqueIdentifier>
    </Filter>
    <Filter Include="Headers">
      <UniqueIdentifier>{dd6bd31f-57a0-4970-9870-4cbe6ead6530}</UniqueIdentifier>
    </Filter>
    <Filter Include="App">
      <UniqueIdentifier>{22427098-c248-4e25-8c81-dd62508cf969}</UniqueIdentifier>
    </Filter>
    <Filter Include="UI\Language">
      <UniqueIdentifier>{f8fa6769-043b-462c-8c2f-587906eee318}</UniqueIdentifier>
    </Filter>
    <Filter Include="UI\Ctrl">
      <UniqueIdentifier>{0f1c5e51-801f-4f53-a0af-3cec416b9702}</UniqueIdentifier>
    </Filter>
    <Filter Include="UI\Dialog">
      <UniqueIdentifier>{2c600536-0ba8-4ae7-af61-78ffa247aed6}</UniqueIdentifier>
    </Filter>
    <Filter Include="AgoraObject">
      <UniqueIdentifier>{3d18d002-94ff-47be-ac37-9421b990e85a}</UniqueIdentifier>
    </Filter>
    <Filter Include="AgoraObject\Config">
      <UniqueIdentifier>{075d76ad-44ba-49b2-8b94-0d123ad2bbb8}</UniqueIdentifier>
    </Filter>
    <Filter Include="UI\Wnd">
      <UniqueIdentifier>{72981e3b-6e49-43b0-b4e1-fdeb7568d012}</UniqueIdentifier>
    </Filter>
    <Filter Include="AgoraObject\Filter">
      <UniqueIdentifier>{6c1a4b26-8ded-4c5d-a541-a9ed38a22ee8}</UniqueIdentifier>
    </Filter>
    <Filter Include="Resources">
      <UniqueIdentifier>{67DA6AB6-F800-4c08-8B7A-83BB121AAD01}</UniqueIdentifier>
      <Extensions>rc;ico;cur;bmp;dlg;rc2;rct;bin;rgs;gif;jpg;jpeg;jpe;resx;tiff;tif;png;wav;mfcribbon-ms</Extensions>
    </Filter>
  </ItemGroup>
  <ItemGroup>
    <Text Include="ReadMe.txt" />
  </ItemGroup>
  <ItemGroup>
    <ClInclude Include="targetver.h">
      <Filter>Headers</Filter>
    </ClInclude>
    <ClInclude Include="stdafx.h">
      <Filter>Headers</Filter>
    </ClInclude>
    <ClInclude Include="Resource.h">
      <Filter>Headers</Filter>
    </ClInclude>
    <ClInclude Include="LanguageSet.h">
      <Filter>UI\Language</Filter>
    </ClInclude>
    <ClInclude Include="AGButton.h">
      <Filter>UI\Ctrl</Filter>
    </ClInclude>
    <ClInclude Include="AGHyperLink.h">
      <Filter>UI\Ctrl</Filter>
    </ClInclude>
    <ClInclude Include="AGEdit.h">
      <Filter>UI\Ctrl</Filter>
    </ClInclude>
    <ClInclude Include="EnterChannelDlg.h">
      <Filter>UI\Dialog</Filter>
    </ClInclude>
    <ClInclude Include="LogoDlg.h">
      <Filter>UI\Dialog</Filter>
    </ClInclude>
    <ClInclude Include="AGMessage.h">
      <Filter>Headers</Filter>
    </ClInclude>
    <ClInclude Include="SetupDlg.h">
      <Filter>UI\Dialog</Filter>
    </ClInclude>
    <ClInclude Include="AGSliderCtrl.h">
      <Filter>UI\Ctrl</Filter>
    </ClInclude>
    <ClInclude Include="AGComboBox.h">
      <Filter>UI\Ctrl</Filter>
    </ClInclude>
    <ClInclude Include="VideoDlg.h">
      <Filter>UI\Dialog</Filter>
    </ClInclude>
    <ClInclude Include="AgoraObject.h">
      <Filter>AgoraObject</Filter>
    </ClInclude>
    <ClInclude Include="DeviceDlg.h">
      <Filter>UI\Dialog</Filter>
    </ClInclude>
    <ClInclude Include="AgoraPlayoutManager.h">
      <Filter>AgoraObject</Filter>
    </ClInclude>
    <ClInclude Include="AgoraAudInputManager.h">
      <Filter>AgoraObject</Filter>
    </ClInclude>
    <ClInclude Include="AgoraCameraManager.h">
      <Filter>AgoraObject</Filter>
    </ClInclude>
    <ClInclude Include="AGResourceVisitor.h">
      <Filter>AgoraObject</Filter>
    </ClInclude>
    <ClInclude Include="AGEngineEventHandler.h">
      <Filter>AgoraObject</Filter>
    </ClInclude>
    <ClInclude Include="AGConfig.h">
      <Filter>AgoraObject\Config</Filter>
    </ClInclude>
    <ClInclude Include="AGVideoWnd.h">
      <Filter>UI\Wnd</Filter>
    </ClInclude>
    <ClInclude Include="AGVideoTestWnd.h">
      <Filter>UI\Wnd</Filter>
    </ClInclude>
    <ClInclude Include="AGScreenCaptureDlg.h">
      <Filter>UI\Dialog</Filter>
    </ClInclude>
    <ClInclude Include="AGLinkCtrl.h">
      <Filter>UI\Ctrl</Filter>
    </ClInclude>
    <ClInclude Include="ChatDlg.h">
      <Filter>UI\Dialog</Filter>
    </ClInclude>
    <ClInclude Include="video_preprocessing_plugin.h">
      <Filter>AgoraObject\Filter</Filter>
    </ClInclude>
    <ClInclude Include="OpenVideoCall.h">
      <Filter>App</Filter>
    </ClInclude>
    <ClInclude Include="OpenVideoCallDlg.h">
      <Filter>UI\Dialog</Filter>
    </ClInclude>
    <ClInclude Include="DskcapsetDlg.h">
      <Filter>UI\Dialog</Filter>
    </ClInclude>
    <ClInclude Include="AGDesktopCaptureDlg.h">
      <Filter>UI\Dialog</Filter>
    </ClInclude>
  </ItemGroup>
  <ItemGroup>
    <ClCompile Include="stdafx.cpp">
      <Filter>Headers</Filter>
    </ClCompile>
    <ClCompile Include="LanguageSet.cpp">
      <Filter>UI\Language</Filter>
    </ClCompile>
    <ClCompile Include="AGButton.cpp">
      <Filter>UI\Ctrl</Filter>
    </ClCompile>
    <ClCompile Include="AGHyperLink.cpp">
      <Filter>UI\Ctrl</Filter>
    </ClCompile>
    <ClCompile Include="AGEdit.cpp">
      <Filter>UI\Ctrl</Filter>
    </ClCompile>
    <ClCompile Include="EnterChannelDlg.cpp">
      <Filter>UI\Dialog</Filter>
    </ClCompile>
    <ClCompile Include="LogoDlg.cpp">
      <Filter>UI\Dialog</Filter>
    </ClCompile>
    <ClCompile Include="SetupDlg.cpp">
      <Filter>UI\Dialog</Filter>
    </ClCompile>
    <ClCompile Include="AGSliderCtrl.cpp">
      <Filter>UI\Ctrl</Filter>
    </ClCompile>
    <ClCompile Include="AGComboBox.cpp">
      <Filter>UI\Ctrl</Filter>
    </ClCompile>
    <ClCompile Include="VideoDlg.cpp">
      <Filter>UI\Dialog</Filter>
    </ClCompile>
    <ClCompile Include="AgoraObject.cpp">
      <Filter>AgoraObject</Filter>
    </ClCompile>
    <ClCompile Include="AGEngineEventHandler.cpp">
      <Filter>AgoraObject</Filter>
    </ClCompile>
    <ClCompile Include="DeviceDlg.cpp">
      <Filter>UI\Dialog</Filter>
    </ClCompile>
    <ClCompile Include="AgoraPlayoutManager.cpp">
      <Filter>AgoraObject</Filter>
    </ClCompile>
    <ClCompile Include="AgoraAudInputManager.cpp">
      <Filter>AgoraObject</Filter>
    </ClCompile>
    <ClCompile Include="AgoraCameraManager.cpp">
      <Filter>AgoraObject</Filter>
    </ClCompile>
    <ClCompile Include="AGResourceVisitor.cpp">
      <Filter>AgoraObject</Filter>
    </ClCompile>
    <ClCompile Include="AGConfig.cpp">
      <Filter>AgoraObject\Config</Filter>
    </ClCompile>
    <ClCompile Include="AGVideoWnd.cpp">
      <Filter>UI\Wnd</Filter>
    </ClCompile>
    <ClCompile Include="AGVideoTestWnd.cpp">
      <Filter>UI\Wnd</Filter>
    </ClCompile>
    <ClCompile Include="AGScreenCaptureDlg.cpp">
      <Filter>UI\Dialog</Filter>
    </ClCompile>
    <ClCompile Include="AGLinkCtrl.cpp">
      <Filter>UI\Ctrl</Filter>
    </ClCompile>
    <ClCompile Include="ChatDlg.cpp">
      <Filter>UI\Dialog</Filter>
    </ClCompile>
    <ClCompile Include="video_preprocessing_plugin.cpp">
      <Filter>AgoraObject\Filter</Filter>
    </ClCompile>
    <ClCompile Include="OpenVideoCall.cpp">
      <Filter>App</Filter>
    </ClCompile>
    <ClCompile Include="OpenVideoCallDlg.cpp">
      <Filter>UI\Dialog</Filter>
    </ClCompile>
    <ClCompile Include="DskcapsetDlg.cpp">
      <Filter>UI\Dialog</Filter>
    </ClCompile>
    <ClCompile Include="AGDesktopCaptureDlg.cpp">
      <Filter>UI\Dialog</Filter>
    </ClCompile>
  </ItemGroup>
  <ItemGroup>
    <ResourceCompile Include="OpenVideoCall.rc">
      <Filter>Resources</Filter>
    </ResourceCompile>
  </ItemGroup>
  <ItemGroup>
    <None Include="res\OpenVideoCall.rc2">
      <Filter>Resources</Filter>
    </None>
  </ItemGroup>
  <ItemGroup>
    <Image Include="res\IDB_DLG_MAIN.bmp">
      <Filter>Resources</Filter>
    </Image>
    <Image Include="res\IDB_BTNMIN_CLIECK.bmp">
      <Filter>Resources</Filter>
    </Image>
    <Image Include="res\IDB_BTNMIN_DISABLE.bmp">
      <Filter>Resources</Filter>
    </Image>
    <Image Include="res\IDB_BTNMIN_HOVER.bmp">
      <Filter>Resources</Filter>
    </Image>
    <Image Include="res\IDB_BTNMIN_NORMAL.bmp">
      <Filter>Resources</Filter>
    </Image>
    <Image Include="res\IDB_BTNCLOSE_DISABLE.bmp">
      <Filter>Resources</Filter>
    </Image>
    <Image Include="res\IDB_BTNCLOSE_NORMAL.bmp">
      <Filter>Resources</Filter>
    </Image>
    <Image Include="res\IDB_BTNCLOSE_HOT.bmp">
      <Filter>Resources</Filter>
    </Image>
    <Image Include="res\IDB_BTNMIN_HOT.bmp">
      <Filter>Resources</Filter>
    </Image>
    <Image Include="res\IDB_DLG_LOGO.bmp">
      <Filter>Resources</Filter>
    </Image>
    <Image Include="res\IDB_BTNBIG_HOT.bmp">
      <Filter>Resources</Filter>
    </Image>
    <Image Include="res\IDB_BTNBIG_NORMAL.bmp">
      <Filter>Resources</Filter>
    </Image>
    <Image Include="res\IDB_SLD_HOVER.bmp">
      <Filter>Resources</Filter>
    </Image>
    <Image Include="res\IDB_SLD_NORMAL.bmp">
      <Filter>Resources</Filter>
    </Image>
    <Image Include="res\IDB_CMBBTN_HOVER.bmp">
      <Filter>Resources</Filter>
    </Image>
    <Image Include="res\IDB_CMBBTN_NORMAL.bmp">
      <Filter>Resources</Filter>
    </Image>
    <Image Include="res\IDB_CMBBTN_PUSH.bmp">
      <Filter>Resources</Filter>
    </Image>
    <Image Include="res\IDB_CMBBTN.bmp">
      <Filter>Resources</Filter>
    </Image>
    <Image Include="res\IDB_CMBSEL.bmp">
      <Filter>Resources</Filter>
    </Image>
    <Image Include="res\IDB_BTNMAX_HOT.bmp">
      <Filter>Resources</Filter>
    </Image>
    <Image Include="res\IDB_BTNMAX_NORMAL.bmp">
      <Filter>Resources</Filter>
    </Image>
    <Image Include="res\IDB_BTNRESTORE_HOT.bmp">
      <Filter>Resources</Filter>
    </Image>
    <Image Include="res\IDB_BTNRESTORE_NORMAL.bmp">
      <Filter>Resources</Filter>
    </Image>
    <Image Include="res\IDB_BTNENDCALL.bmp">
      <Filter>Resources</Filter>
    </Image>
    <Image Include="res\IDB_BTNENDCALL_VIDEO.bmp">
      <Filter>Resources</Filter>
    </Image>
    <Image Include="res\IDB_BTNCLOSE.bmp">
      <Filter>Resources</Filter>
    </Image>
    <Image Include="res\IDB_BTNMIN.bmp">
      <Filter>Resources</Filter>
    </Image>
    <Image Include="res\IDB_BTNMAX.bmp">
      <Filter>Resources</Filter>
    </Image>
    <Image Include="res\IDB_BTNRESTORE.bmp">
      <Filter>Resources</Filter>
    </Image>
    <Image Include="res\IDB_BTNAUDIO_VIDEO.bmp">
      <Filter>Resources</Filter>
    </Image>
    <Image Include="res\IDB_BTNFULLSCR_VIDEO.bmp">
      <Filter>Resources</Filter>
    </Image>
    <Image Include="res\IDB_BTNMAUDIO_VIDEO.bmp">
      <Filter>Resources</Filter>
    </Image>
    <Image Include="res\IDB_BTNSETUP_VIDEO.bmp">
      <Filter>Resources</Filter>
    </Image>
    <Image Include="res\IDB_BTNUMAUDIO_VIDEO.bmp">
      <Filter>Resources</Filter>
    </Image>
    <Image Include="res\IDB_BTNVIDEO_VIDEO.bmp">
      <Filter>Resources</Filter>
    </Image>
    <Image Include="res\IDB_BACKGROUND_VIDEO.bmp">
      <Filter>Resources</Filter>
    </Image>
    <Image Include="res\IDB_BTNSCRCAP_VIDEO.bmp">
      <Filter>Resources</Filter>
    </Image>
    <Image Include="res\IDB_BTNSCRCAPOFF_VIDEO.bmp">
      <Filter>Resources</Filter>
    </Image>
    <Image Include="res\IDB_BTNVIDEOLEFT_VIDEO.bmp">
      <Filter>Resources</Filter>
    </Image>
    <Image Include="res\IDB_BTNVIDEORIGHT_VIDEO.bmp">
      <Filter>Resources</Filter>
    </Image>
    <Image Include="res\IDB_BTNRIGHTPAGE_VIDEO.bmp">
      <Filter>Resources</Filter>
    </Image>
    <Image Include="res\IDB_BTNLEFTPAGE_VIDEO.bmp">
      <Filter>Resources</Filter>
    </Image>
    <Image Include="res\IDB_VIDEOTIP.bmp">
      <Filter>Resources</Filter>
    </Image>
    <Image Include="IDB_TIP_VIDEO.BMP">
      <Filter>Resources</Filter>
    </Image>
    <Image Include="res\IDB_BTNRCD_VIDEO.bmp">
      <Filter>Resources</Filter>
    </Image>
    <Image Include="res\IDB_BTNRCDPAUSE_VIDEO.bmp">
      <Filter>Resources</Filter>
    </Image>
    <Image Include="res\IDB_BTNTIP_VIDEO.bmp">
      <Filter>Resources</Filter>
    </Image>
    <Image Include="res\IDB_NETWORK_QUALITY.bmp">
      <Filter>Resources</Filter>
    </Image>
    <Image Include="res\IDB_BTNNORSCR_VIDEO.bmp">
      <Filter>Resources</Filter>
    </Image>
    <Image Include="res\IDB_BTNWHITEBOARD_VIDEO.bmp">
      <Filter>Resources</Filter>
    </Image>
    <Image Include="res\IDB_CLOSEWHITEBOARD_VIDEO.bmp">
      <Filter>Resources</Filter>
    </Image>
    <Image Include="res\IDB_ENDCALLWB_VIDEO.bmp">
      <Filter>Resources</Filter>
    </Image>
    <Image Include="res\IDB_BTNENDCALLWB_VIDEO.bmp">
      <Filter>Resources</Filter>
    </Image>
    <Image Include="res\IDB_BTNCLOSEWHITEBOARD_VIDEO.bmp">
      <Filter>Resources</Filter>
    </Image>
    <Image Include="res\IDB_BTNMAUDIOWB_VIDEO.bmp">
      <Filter>Resources</Filter>
    </Image>
    <Image Include="res\IDB_LOGO.bmp">
      <Filter>Resources</Filter>
    </Image>
    <Image Include="res\IDB_BTNMSG_VIDEO.bmp">
      <Filter>Resources</Filter>
    </Image>
    <Image Include="res\IDB_BTNMORE_VIDEO.bmp">
      <Filter>Resources</Filter>
    </Image>
    <Image Include="res\bitmap2.bmp">
      <Filter>Resources</Filter>
    </Image>
    <Image Include="res\IDB_MENU_MORE.bmp">
      <Filter>Resources</Filter>
    </Image>
    <Image Include="res\IDB_MENU_INFO.bmp">
      <Filter>Resources</Filter>
    </Image>
    <Image Include="res\IDB_MENU_DEVICE.bmp">
      <Filter>Resources</Filter>
    </Image>
    <Image Include="res\IDB_MENU_FILTER.bmp">
      <Filter>Resources</Filter>
    </Image>
    <Image Include="res\IDB_DESKTOPSHARE_VIDEO.bmp">
      <Filter>Resources</Filter>
    </Image>
    <Image Include="res\OpenVideoCall.ico">
      <Filter>Resources</Filter>
    </Image>
  </ItemGroup>
  <ItemGroup>
    <Media Include="res\ID_TEST_AUDIO.wav">
      <Filter>Resources</Filter>
    </Media>
  </ItemGroup>
</Project>