<?xml version="1.0" encoding="utf-8"?>
<Project ToolsVersion="4.0" xmlns="http://schemas.microsoft.com/developer/msbuild/2003">
  <ItemGroup>
    <Filter Include="资源文件">
      <UniqueIdentifier>{67DA6AB6-F800-4c08-8B7A-83BB121AAD01}</UniqueIdentifier>
      <Extensions>rc;ico;cur;bmp;dlg;rc2;rct;bin;rgs;gif;jpg;jpeg;jpe;resx;tiff;tif;png;wav;mfcribbon-ms</Extensions>
    </Filter>
    <Filter Include="App">
      <UniqueIdentifier>{c9dba2f2-0bbc-4412-bf58-846dfaed8b18}</UniqueIdentifier>
    </Filter>
    <Filter Include="Dialog">
      <UniqueIdentifier>{59090c23-e099-4d9e-abdb-4136ba055510}</UniqueIdentifier>
    </Filter>
    <Filter Include="Headers">
      <UniqueIdentifier>{beb508e1-ac94-45b8-a378-1584ed1710b3}</UniqueIdentifier>
    </Filter>
    <Filter Include="AgoraObject">
      <UniqueIdentifier>{c0961107-2cea-4343-a089-3e06b9e849a8}</UniqueIdentifier>
    </Filter>
  </ItemGroup>
  <ItemGroup>
    <ClInclude Include="AgoraTutorial.h">
      <Filter>App</Filter>
    </ClInclude>
    <ClInclude Include="AgoraTutorialDlg.h">
      <Filter>Dialog</Filter>
    </ClInclude>
    <ClInclude Include="Resource.h">
      <Filter>Headers</Filter>
    </ClInclude>
    <ClInclude Include="stdafx.h">
      <Filter>Headers</Filter>
    </ClInclude>
    <ClInclude Include="targetver.h">
      <Filter>Headers</Filter>
    </ClInclude>
    <ClInclude Include="AGEngineEventHandler.h">
      <Filter>AgoraObject</Filter>
    </ClInclude>
    <ClInclude Include="AgoraObject.h">
      <Filter>AgoraObject</Filter>
    </ClInclude>
  </ItemGroup>
  <ItemGroup>
    <ClCompile Include="AgoraTutorial.cpp">
      <Filter>App</Filter>
    </ClCompile>
    <ClCompile Include="AgoraTutorialDlg.cpp">
      <Filter>Dialog</Filter>
    </ClCompile>
    <ClCompile Include="stdafx.cpp">
      <Filter>Headers</Filter>
    </ClCompile>
    <ClCompile Include="AGEngineEventHandler.cpp">
      <Filter>AgoraObject</Filter>
    </ClCompile>
    <ClCompile Include="AgoraObject.cpp">
      <Filter>AgoraObject</Filter>
    </ClCompile>
  </ItemGroup>
  <ItemGroup>
    <ResourceCompile Include="AgoraTutorial.rc">
      <Filter>资源文件</Filter>
    </ResourceCompile>
  </ItemGroup>
  <ItemGroup>
    <None Include="res\AgoraTutorial.rc2">
      <Filter>资源文件</Filter>
    </None>
  </ItemGroup>
  <ItemGroup>
    <Image Include="res\AgoraTutorial.ico">
      <Filter>资源文件</Filter>
    </Image>
  </ItemGroup>
</Project>