// !$*UTF8*$!
{
	archiveVersion = 1;
	classes = {
	};
	objectVersion = 46;
	objects = {

/* Begin PBXBuildFile section */
		033FF36122C992AF0080AE6A /* AgoraRtcEngineKit.framework in Frameworks */ = {isa = PBXBuildFile; fileRef = 033FF35E22C992AF0080AE6A /* AgoraRtcEngineKit.framework */; };
		1A2655D51D3F35E700BDBA68 /* AppID.swift in Sources */ = {isa = PBXBuildFile; fileRef = 1A2655D41D3F35E700BDBA68 /* AppID.swift */; };
		1ABDEE421D383BE4007DE451 /* AppDelegate.swift in Sources */ = {isa = PBXBuildFile; fileRef = 1ABDEE411D383BE4007DE451 /* AppDelegate.swift */; };
		1ABDEE441D383BE4007DE451 /* VideoChatViewController.swift in Sources */ = {isa = PBXBuildFile; fileRef = 1ABDEE431D383BE4007DE451 /* VideoChatViewController.swift */; };
		1ABDEE471D383BE4007DE451 /* Main.storyboard in Resources */ = {isa = PBXBuildFile; fileRef = 1ABDEE451D383BE4007DE451 /* Main.storyboard */; };
		1ABDEE491D383BE4007DE451 /* Assets.xcassets in Resources */ = {isa = PBXBuildFile; fileRef = 1ABDEE481D383BE4007DE451 /* Assets.xcassets */; };
		1ABDEE4C1D383BE4007DE451 /* LaunchScreen.storyboard in Resources */ = {isa = PBXBuildFile; fileRef = 1ABDEE4A1D383BE4007DE451 /* LaunchScreen.storyboard */; };
		389D999B218825B200BFD852 /* Accelerate.framework in Frameworks */ = {isa = PBXBuildFile; fileRef = 389D999A218825B200BFD852 /* Accelerate.framework */; };
		389D999D218825BE00BFD852 /* VideoToolbox.framework in Frameworks */ = {isa = PBXBuildFile; fileRef = 389D999C218825BE00BFD852 /* VideoToolbox.framework */; };
		389D999F218825C300BFD852 /* libresolv.9.tbd in Frameworks */ = {isa = PBXBuildFile; fileRef = 389D999E218825C300BFD852 /* libresolv.9.tbd */; };
		389D99A1218825C700BFD852 /* libc++.tbd in Frameworks */ = {isa = PBXBuildFile; fileRef = 389D99A0218825C700BFD852 /* libc++.tbd */; };
		389D99A3218825DB00BFD852 /* SystemConfiguration.framework in Frameworks */ = {isa = PBXBuildFile; fileRef = 389D99A2218825DB00BFD852 /* SystemConfiguration.framework */; };
		389D99A5218825EC00BFD852 /* CoreTelephony.framework in Frameworks */ = {isa = PBXBuildFile; fileRef = 389D99A4218825EC00BFD852 /* CoreTelephony.framework */; };
		38D619302250B7AB004A6C87 /* CoreML.framework in Frameworks */ = {isa = PBXBuildFile; fileRef = 38D6192F2250B7AB004A6C87 /* CoreML.framework */; };
		38EF7E962368277700A6A483 /* README.md in Resources */ = {isa = PBXBuildFile; fileRef = 38EF7E952368277700A6A483 /* README.md */; };
		A72BB7DB22F2B62A008F563D /* AgoraRtcEngineKit.framework in Frameworks */ = {isa = PBXBuildFile; fileRef = A72BB7DA22F2B62A008F563D /* AgoraRtcEngineKit.framework */; };
		A72BB7DE22F2B67E008F563D /* Log.storyboard in Resources */ = {isa = PBXBuildFile; fileRef = A72BB7DC22F2B67E008F563D /* Log.storyboard */; };
		A72BB7DF22F2B67E008F563D /* LogViewController.swift in Sources */ = {isa = PBXBuildFile; fileRef = A72BB7DD22F2B67E008F563D /* LogViewController.swift */; };
/* End PBXBuildFile section */

/* Begin PBXFileReference section */
		033FF35E22C992AF0080AE6A /* AgoraRtcEngineKit.framework */ = {isa = PBXFileReference; lastKnownFileType = wrapper.framework; path = AgoraRtcEngineKit.framework; sourceTree = "<group>"; };
		1A2655D41D3F35E700BDBA68 /* AppID.swift */ = {isa = PBXFileReference; fileEncoding = 4; lastKnownFileType = sourcecode.swift; path = AppID.swift; sourceTree = "<group>"; };
		1ABDEE3E1D383BE4007DE451 /* Agora iOS Tutorial.app */ = {isa = PBXFileReference; explicitFileType = wrapper.application; includeInIndex = 0; path = "Agora iOS Tutorial.app"; sourceTree = BUILT_PRODUCTS_DIR; };
		1ABDEE411D383BE4007DE451 /* AppDelegate.swift */ = {isa = PBXFileReference; lastKnownFileType = sourcecode.swift; path = AppDelegate.swift; sourceTree = "<group>"; };
		1ABDEE431D383BE4007DE451 /* VideoChatViewController.swift */ = {isa = PBXFileReference; lastKnownFileType = sourcecode.swift; path = VideoChatViewController.swift; sourceTree = "<group>"; };
		1ABDEE461D383BE4007DE451 /* Base */ = {isa = PBXFileReference; lastKnownFileType = file.storyboard; name = Base; path = Base.lproj/Main.storyboard; sourceTree = "<group>"; };
		1ABDEE481D383BE4007DE451 /* Assets.xcassets */ = {isa = PBXFileReference; lastKnownFileType = folder.assetcatalog; path = Assets.xcassets; sourceTree = "<group>"; };
		1ABDEE4B1D383BE4007DE451 /* Base */ = {isa = PBXFileReference; lastKnownFileType = file.storyboard; name = Base; path = Base.lproj/LaunchScreen.storyboard; sourceTree = "<group>"; };
		1ABDEE4D1D383BE4007DE451 /* Info.plist */ = {isa = PBXFileReference; lastKnownFileType = text.plist.xml; path = Info.plist; sourceTree = "<group>"; };
		389D999A218825B200BFD852 /* Accelerate.framework */ = {isa = PBXFileReference; lastKnownFileType = wrapper.framework; name = Accelerate.framework; path = System/Library/Frameworks/Accelerate.framework; sourceTree = SDKROOT; };
		389D999C218825BE00BFD852 /* VideoToolbox.framework */ = {isa = PBXFileReference; lastKnownFileType = wrapper.framework; name = VideoToolbox.framework; path = System/Library/Frameworks/VideoToolbox.framework; sourceTree = SDKROOT; };
		389D999E218825C300BFD852 /* libresolv.9.tbd */ = {isa = PBXFileReference; lastKnownFileType = "sourcecode.text-based-dylib-definition"; name = libresolv.9.tbd; path = usr/lib/libresolv.9.tbd; sourceTree = SDKROOT; };
		389D99A0218825C700BFD852 /* libc++.tbd */ = {isa = PBXFileReference; lastKnownFileType = "sourcecode.text-based-dylib-definition"; name = "libc++.tbd"; path = "usr/lib/libc++.tbd"; sourceTree = SDKROOT; };
		389D99A2218825DB00BFD852 /* SystemConfiguration.framework */ = {isa = PBXFileReference; lastKnownFileType = wrapper.framework; name = SystemConfiguration.framework; path = System/Library/Frameworks/SystemConfiguration.framework; sourceTree = SDKROOT; };
		389D99A4218825EC00BFD852 /* CoreTelephony.framework */ = {isa = PBXFileReference; lastKnownFileType = wrapper.framework; name = CoreTelephony.framework; path = System/Library/Frameworks/CoreTelephony.framework; sourceTree = SDKROOT; };
		38D6192F2250B7AB004A6C87 /* CoreML.framework */ = {isa = PBXFileReference; lastKnownFileType = wrapper.framework; name = CoreML.framework; path = System/Library/Frameworks/CoreML.framework; sourceTree = SDKROOT; };
		38EF7E952368277700A6A483 /* README.md */ = {isa = PBXFileReference; fileEncoding = 4; lastKnownFileType = net.daringfireball.markdown; path = README.md; sourceTree = "<group>"; };
		A72BB7DA22F2B62A008F563D /* AgoraRtcEngineKit.framework */ = {isa = PBXFileReference; lastKnownFileType = wrapper.framework; path = AgoraRtcEngineKit.framework; sourceTree = "<group>"; };
		A72BB7DC22F2B67E008F563D /* Log.storyboard */ = {isa = PBXFileReference; fileEncoding = 4; lastKnownFileType = file.storyboard; path = Log.storyboard; sourceTree = "<group>"; };
		A72BB7DD22F2B67E008F563D /* LogViewController.swift */ = {isa = PBXFileReference; fileEncoding = 4; lastKnownFileType = sourcecode.swift; path = LogViewController.swift; sourceTree = "<group>"; };
/* End PBXFileReference section */

/* Begin PBXFrameworksBuildPhase section */
		1ABDEE3B1D383BE4007DE451 /* Frameworks */ = {
			isa = PBXFrameworksBuildPhase;
			buildActionMask = 2147483647;
			files = (
				A72BB7DB22F2B62A008F563D /* AgoraRtcEngineKit.framework in Frameworks */,
				389D999B218825B200BFD852 /* Accelerate.framework in Frameworks */,
				389D99A5218825EC00BFD852 /* CoreTelephony.framework in Frameworks */,
				033FF36122C992AF0080AE6A /* AgoraRtcEngineKit.framework in Frameworks */,
				38D619302250B7AB004A6C87 /* CoreML.framework in Frameworks */,
				389D99A1218825C700BFD852 /* libc++.tbd in Frameworks */,
				389D999F218825C300BFD852 /* libresolv.9.tbd in Frameworks */,
				389D99A3218825DB00BFD852 /* SystemConfiguration.framework in Frameworks */,
				389D999D218825BE00BFD852 /* VideoToolbox.framework in Frameworks */,
			);
			runOnlyForDeploymentPostprocessing = 0;
		};
/* End PBXFrameworksBuildPhase section */

/* Begin PBXGroup section */
		1ABDEE351D383BE4007DE451 = {
			isa = PBXGroup;
			children = (
				38EF7E952368277700A6A483 /* README.md */,
				1ABDEE401D383BE4007DE451 /* Agora iOS Tutorial */,
				1ABDEE3F1D383BE4007DE451 /* Products */,
				389D9999218825B200BFD852 /* Frameworks */,
				A7E4DBE723503066001C20F7 /* Recovered References */,
			);
			sourceTree = "<group>";
		};
		1ABDEE3F1D383BE4007DE451 /* Products */ = {
			isa = PBXGroup;
			children = (
				1ABDEE3E1D383BE4007DE451 /* Agora iOS Tutorial.app */,
			);
			name = Products;
			sourceTree = "<group>";
		};
		1ABDEE401D383BE4007DE451 /* Agora iOS Tutorial */ = {
			isa = PBXGroup;
			children = (
				1ABDEE431D383BE4007DE451 /* VideoChatViewController.swift */,
				A72BB7DD22F2B67E008F563D /* LogViewController.swift */,
				1ABDEE411D383BE4007DE451 /* AppDelegate.swift */,
				1A2655D41D3F35E700BDBA68 /* AppID.swift */,
				1ABDEE451D383BE4007DE451 /* Main.storyboard */,
				A72BB7DC22F2B67E008F563D /* Log.storyboard */,
				033FF35E22C992AF0080AE6A /* AgoraRtcEngineKit.framework */,
				A72BB7D922F2B5F4008F563D /* Supporting Files */,
			);
			path = "Agora iOS Tutorial";
			sourceTree = "<group>";
		};
		389D9999218825B200BFD852 /* Frameworks */ = {
			isa = PBXGroup;
			children = (
				38D6192F2250B7AB004A6C87 /* CoreML.framework */,
				389D99A4218825EC00BFD852 /* CoreTelephony.framework */,
				389D99A2218825DB00BFD852 /* SystemConfiguration.framework */,
				389D99A0218825C700BFD852 /* libc++.tbd */,
				389D999E218825C300BFD852 /* libresolv.9.tbd */,
				389D999C218825BE00BFD852 /* VideoToolbox.framework */,
				389D999A218825B200BFD852 /* Accelerate.framework */,
			);
			name = Frameworks;
			sourceTree = "<group>";
		};
		A72BB7D922F2B5F4008F563D /* Supporting Files */ = {
			isa = PBXGroup;
			children = (
				1ABDEE481D383BE4007DE451 /* Assets.xcassets */,
				1ABDEE4A1D383BE4007DE451 /* LaunchScreen.storyboard */,
				1ABDEE4D1D383BE4007DE451 /* Info.plist */,
			);
			name = "Supporting Files";
			sourceTree = "<group>";
		};
		A7E4DBE723503066001C20F7 /* Recovered References */ = {
			isa = PBXGroup;
			children = (
				A72BB7DA22F2B62A008F563D /* AgoraRtcEngineKit.framework */,
			);
			name = "Recovered References";
			sourceTree = "<group>";
		};
/* End PBXGroup section */

/* Begin PBXNativeTarget section */
		1ABDEE3D1D383BE4007DE451 /* Agora iOS Tutorial */ = {
			isa = PBXNativeTarget;
			buildConfigurationList = 1ABDEE661D383BE4007DE451 /* Build configuration list for PBXNativeTarget "Agora iOS Tutorial" */;
			buildPhases = (
				1ABDEE3A1D383BE4007DE451 /* Sources */,
				1ABDEE3B1D383BE4007DE451 /* Frameworks */,
				1ABDEE3C1D383BE4007DE451 /* Resources */,
			);
			buildRules = (
			);
			dependencies = (
			);
			name = "Agora iOS Tutorial";
			productName = "Agora iOS Tutorial";
			productReference = 1ABDEE3E1D383BE4007DE451 /* Agora iOS Tutorial.app */;
			productType = "com.apple.product-type.application";
		};
/* End PBXNativeTarget section */

/* Begin PBXProject section */
		1ABDEE361D383BE4007DE451 /* Project object */ = {
			isa = PBXProject;
			attributes = {
				LastSwiftUpdateCheck = 0730;
				LastUpgradeCheck = 1020;
				ORGANIZATIONNAME = Agora.io;
				TargetAttributes = {
					1ABDEE3D1D383BE4007DE451 = {
						CreatedOnToolsVersion = 7.3.1;
						DevelopmentTeam = SW3CA7M752;
						LastSwiftMigration = 0920;
						ProvisioningStyle = Manual;
						SystemCapabilities = {
							com.apple.BackgroundModes = {
								enabled = 1;
							};
						};
					};
				};
			};
			buildConfigurationList = 1ABDEE391D383BE4007DE451 /* Build configuration list for PBXProject "Agora iOS Tutorial" */;
			compatibilityVersion = "Xcode 3.2";
			developmentRegion = en;
			hasScannedForEncodings = 0;
			knownRegions = (
				en,
				Base,
			);
			mainGroup = 1ABDEE351D383BE4007DE451;
			productRefGroup = 1ABDEE3F1D383BE4007DE451 /* Products */;
			projectDirPath = "";
			projectRoot = "";
			targets = (
				1ABDEE3D1D383BE4007DE451 /* Agora iOS Tutorial */,
			);
		};
/* End PBXProject section */

/* Begin PBXResourcesBuildPhase section */
		1ABDEE3C1D383BE4007DE451 /* Resources */ = {
			isa = PBXResourcesBuildPhase;
			buildActionMask = 2147483647;
			files = (
				1ABDEE4C1D383BE4007DE451 /* LaunchScreen.storyboard in Resources */,
				1ABDEE491D383BE4007DE451 /* Assets.xcassets in Resources */,
				38EF7E962368277700A6A483 /* README.md in Resources */,
				1ABDEE471D383BE4007DE451 /* Main.storyboard in Resources */,
				A72BB7DE22F2B67E008F563D /* Log.storyboard in Resources */,
			);
			runOnlyForDeploymentPostprocessing = 0;
		};
/* End PBXResourcesBuildPhase section */

/* Begin PBXSourcesBuildPhase section */
		1ABDEE3A1D383BE4007DE451 /* Sources */ = {
			isa = PBXSourcesBuildPhase;
			buildActionMask = 2147483647;
			files = (
				1ABDEE441D383BE4007DE451 /* VideoChatViewController.swift in Sources */,
				1ABDEE421D383BE4007DE451 /* AppDelegate.swift in Sources */,
				1A2655D51D3F35E700BDBA68 /* AppID.swift in Sources */,
				A72BB7DF22F2B67E008F563D /* LogViewController.swift in Sources */,
			);
			runOnlyForDeploymentPostprocessing = 0;
		};
/* End PBXSourcesBuildPhase section */

/* Begin PBXVariantGroup section */
		1ABDEE451D383BE4007DE451 /* Main.storyboard */ = {
			isa = PBXVariantGroup;
			children = (
				1ABDEE461D383BE4007DE451 /* Base */,
			);
			name = Main.storyboard;
			sourceTree = "<group>";
		};
		1ABDEE4A1D383BE4007DE451 /* LaunchScreen.storyboard */ = {
			isa = PBXVariantGroup;
			children = (
				1ABDEE4B1D383BE4007DE451 /* Base */,
			);
			name = LaunchScreen.storyboard;
			sourceTree = "<group>";
		};
/* End PBXVariantGroup section */

/* Begin XCBuildConfiguration section */
		1ABDEE641D383BE4007DE451 /* Debug */ = {
			isa = XCBuildConfiguration;
			buildSettings = {
				ALWAYS_SEARCH_USER_PATHS = NO;
				CLANG_ANALYZER_LOCALIZABILITY_NONLOCALIZED = YES;
				CLANG_ANALYZER_NONNULL = YES;
				CLANG_CXX_LANGUAGE_STANDARD = "gnu++0x";
				CLANG_CXX_LIBRARY = "libc++";
				CLANG_ENABLE_MODULES = YES;
				CLANG_ENABLE_OBJC_ARC = YES;
				CLANG_WARN_BLOCK_CAPTURE_AUTORELEASING = YES;
				CLANG_WARN_BOOL_CONVERSION = YES;
				CLANG_WARN_COMMA = YES;
				CLANG_WARN_CONSTANT_CONVERSION = YES;
				CLANG_WARN_DEPRECATED_OBJC_IMPLEMENTATIONS = YES;
				CLANG_WARN_DIRECT_OBJC_ISA_USAGE = YES_ERROR;
				CLANG_WARN_EMPTY_BODY = YES;
				CLANG_WARN_ENUM_CONVERSION = YES;
				CLANG_WARN_INFINITE_RECURSION = YES;
				CLANG_WARN_INT_CONVERSION = YES;
				CLANG_WARN_NON_LITERAL_NULL_CONVERSION = YES;
				CLANG_WARN_OBJC_IMPLICIT_RETAIN_SELF = YES;
				CLANG_WARN_OBJC_LITERAL_CONVERSION = YES;
				CLANG_WARN_OBJC_ROOT_CLASS = YES_ERROR;
				CLANG_WARN_RANGE_LOOP_ANALYSIS = YES;
				CLANG_WARN_STRICT_PROTOTYPES = YES;
				CLANG_WARN_SUSPICIOUS_MOVE = YES;
				CLANG_WARN_UNREACHABLE_CODE = YES;
				CLANG_WARN__DUPLICATE_METHOD_MATCH = YES;
				"CODE_SIGN_IDENTITY[sdk=iphoneos*]" = "iPhone Developer";
				COPY_PHASE_STRIP = NO;
				DEBUG_INFORMATION_FORMAT = dwarf;
				ENABLE_STRICT_OBJC_MSGSEND = YES;
				ENABLE_TESTABILITY = YES;
				GCC_C_LANGUAGE_STANDARD = gnu99;
				GCC_DYNAMIC_NO_PIC = NO;
				GCC_NO_COMMON_BLOCKS = YES;
				GCC_OPTIMIZATION_LEVEL = 0;
				GCC_PREPROCESSOR_DEFINITIONS = (
					"DEBUG=1",
					"$(inherited)",
				);
				GCC_WARN_64_TO_32_BIT_CONVERSION = YES;
				GCC_WARN_ABOUT_RETURN_TYPE = YES_ERROR;
				GCC_WARN_UNDECLARED_SELECTOR = YES;
				GCC_WARN_UNINITIALIZED_AUTOS = YES_AGGRESSIVE;
				GCC_WARN_UNUSED_FUNCTION = YES;
				GCC_WARN_UNUSED_VARIABLE = YES;
				IPHONEOS_DEPLOYMENT_TARGET = 9.3;
				MTL_ENABLE_DEBUG_INFO = YES;
				ONLY_ACTIVE_ARCH = YES;
				SDKROOT = iphoneos;
				SWIFT_OPTIMIZATION_LEVEL = "-Onone";
				TARGETED_DEVICE_FAMILY = "1,2";
			};
			name = Debug;
		};
		1ABDEE651D383BE4007DE451 /* Release */ = {
			isa = XCBuildConfiguration;
			buildSettings = {
				ALWAYS_SEARCH_USER_PATHS = NO;
				CLANG_ANALYZER_LOCALIZABILITY_NONLOCALIZED = YES;
				CLANG_ANALYZER_NONNULL = YES;
				CLANG_CXX_LANGUAGE_STANDARD = "gnu++0x";
				CLANG_CXX_LIBRARY = "libc++";
				CLANG_ENABLE_MODULES = YES;
				CLANG_ENABLE_OBJC_ARC = YES;
				CLANG_WARN_BLOCK_CAPTURE_AUTORELEASING = YES;
				CLANG_WARN_BOOL_CONVERSION = YES;
				CLANG_WARN_COMMA = YES;
				CLANG_WARN_CONSTANT_CONVERSION = YES;
				CLANG_WARN_DEPRECATED_OBJC_IMPLEMENTATIONS = YES;
				CLANG_WARN_DIRECT_OBJC_ISA_USAGE = YES_ERROR;
				CLANG_WARN_EMPTY_BODY = YES;
				CLANG_WARN_ENUM_CONVERSION = YES;
				CLANG_WARN_INFINITE_RECURSION = YES;
				CLANG_WARN_INT_CONVERSION = YES;
				CLANG_WARN_NON_LITERAL_NULL_CONVERSION = YES;
				CLANG_WARN_OBJC_IMPLICIT_RETAIN_SELF = YES;
				CLANG_WARN_OBJC_LITERAL_CONVERSION = YES;
				CLANG_WARN_OBJC_ROOT_CLASS = YES_ERROR;
				CLANG_WARN_RANGE_LOOP_ANALYSIS = YES;
				CLANG_WARN_STRICT_PROTOTYPES = YES;
				CLANG_WARN_SUSPICIOUS_MOVE = YES;
				CLANG_WARN_UNREACHABLE_CODE = YES;
				CLANG_WARN__DUPLICATE_METHOD_MATCH = YES;
				"CODE_SIGN_IDENTITY[sdk=iphoneos*]" = "iPhone Developer";
				COPY_PHASE_STRIP = NO;
				DEBUG_INFORMATION_FORMAT = "dwarf-with-dsym";
				ENABLE_NS_ASSERTIONS = NO;
				ENABLE_STRICT_OBJC_MSGSEND = YES;
				GCC_C_LANGUAGE_STANDARD = gnu99;
				GCC_NO_COMMON_BLOCKS = YES;
				GCC_WARN_64_TO_32_BIT_CONVERSION = YES;
				GCC_WARN_ABOUT_RETURN_TYPE = YES_ERROR;
				GCC_WARN_UNDECLARED_SELECTOR = YES;
				GCC_WARN_UNINITIALIZED_AUTOS = YES_AGGRESSIVE;
				GCC_WARN_UNUSED_FUNCTION = YES;
				GCC_WARN_UNUSED_VARIABLE = YES;
				IPHONEOS_DEPLOYMENT_TARGET = 9.3;
				MTL_ENABLE_DEBUG_INFO = NO;
				SDKROOT = iphoneos;
				SWIFT_OPTIMIZATION_LEVEL = "-Owholemodule";
				TARGETED_DEVICE_FAMILY = "1,2";
				VALIDATE_PRODUCT = YES;
			};
			name = Release;
		};
		1ABDEE671D383BE4007DE451 /* Debug */ = {
			isa = XCBuildConfiguration;
			buildSettings = {
				ASSETCATALOG_COMPILER_APPICON_NAME = AppIcon;
				CODE_SIGN_IDENTITY = "iPhone Developer: Yuhua Gong (YBKA3W5TF4)";
				"CODE_SIGN_IDENTITY[sdk=iphoneos*]" = "iPhone Developer: Yuhua Gong (YBKA3W5TF4)";
				DEVELOPMENT_TEAM = "";
				ENABLE_BITCODE = YES;
				FRAMEWORK_SEARCH_PATHS = (
					"$(inherited)",
					"$(PROJECT_DIR)/libs",
					"$(SRCROOT)/Agora\\ iOS\\ Tutorial",
					"$(PROJECT_DIR)/Agora\\ iOS\\ Tutorial",
				);
				INFOPLIST_FILE = "Agora iOS Tutorial/Info.plist";
				IPHONEOS_DEPLOYMENT_TARGET = 9.3;
				LD_RUNPATH_SEARCH_PATHS = "$(inherited) @executable_path/Frameworks";
				LIBRARY_SEARCH_PATHS = (
					"$(inherited)",
					"$(PROJECT_DIR)/Agora\\ iOS\\ Tutorial",
				);
				PRODUCT_BUNDLE_IDENTIFIER = "io.agora.Agora-iOS-Tutorial";
				PRODUCT_NAME = "$(TARGET_NAME)";
				PROVISIONING_PROFILE = "";
				PROVISIONING_PROFILE_SPECIFIER = AgoraAppsDevProfile;
				SWIFT_OBJC_BRIDGING_HEADER = "";
				SWIFT_SWIFT3_OBJC_INFERENCE = Default;
				SWIFT_VERSION = 4.2;
			};
			name = Debug;
		};
		1ABDEE681D383BE4007DE451 /* Release */ = {
			isa = XCBuildConfiguration;
			buildSettings = {
				ASSETCATALOG_COMPILER_APPICON_NAME = AppIcon;
				CODE_SIGN_IDENTITY = "iPhone Developer: Yuhua Gong (YBKA3W5TF4)";
				"CODE_SIGN_IDENTITY[sdk=iphoneos*]" = "iPhone Developer: Yuhua Gong (YBKA3W5TF4)";
				DEVELOPMENT_TEAM = "";
				ENABLE_BITCODE = YES;
				FRAMEWORK_SEARCH_PATHS = (
					"$(inherited)",
					"$(PROJECT_DIR)/libs",
					"$(SRCROOT)/Agora\\ iOS\\ Tutorial",
					"$(PROJECT_DIR)/Agora\\ iOS\\ Tutorial",
				);
				INFOPLIST_FILE = "Agora iOS Tutorial/Info.plist";
				IPHONEOS_DEPLOYMENT_TARGET = 9.3;
				LD_RUNPATH_SEARCH_PATHS = "$(inherited) @executable_path/Frameworks";
				LIBRARY_SEARCH_PATHS = (
					"$(inherited)",
					"$(PROJECT_DIR)/Agora\\ iOS\\ Tutorial",
				);
				PRODUCT_BUNDLE_IDENTIFIER = "io.agora.Agora-iOS-Tutorial";
				PRODUCT_NAME = "$(TARGET_NAME)";
				PROVISIONING_PROFILE = "";
				PROVISIONING_PROFILE_SPECIFIER = AgoraAppsDevProfile;
				SWIFT_OBJC_BRIDGING_HEADER = "";
				SWIFT_SWIFT3_OBJC_INFERENCE = Default;
				SWIFT_VERSION = 4.2;
			};
			name = Release;
		};
/* End XCBuildConfiguration section */

/* Begin XCConfigurationList section */
		1ABDEE391D383BE4007DE451 /* Build configuration list for PBXProject "Agora iOS Tutorial" */ = {
			isa = XCConfigurationList;
			buildConfigurations = (
				1ABDEE641D383BE4007DE451 /* Debug */,
				1ABDEE651D383BE4007DE451 /* Release */,
			);
			defaultConfigurationIsVisible = 0;
			defaultConfigurationName = Release;
		};
		1ABDEE661D383BE4007DE451 /* Build configuration list for PBXNativeTarget "Agora iOS Tutorial" */ = {
			isa = XCConfigurationList;
			buildConfigurations = (
				1ABDEE671D383BE4007DE451 /* Debug */,
				1ABDEE681D383BE4007DE451 /* Release */,
			);
			defaultConfigurationIsVisible = 0;
			defaultConfigurationName = Release;
		};
/* End XCConfigurationList section */
	};
	rootObject = 1ABDEE361D383BE4007DE451 /* Project object */;
}
