// !$*UTF8*$!
{
	archiveVersion = 1;
	classes = {
	};
	objectVersion = 46;
	objects = {

/* Begin PBXBuildFile section */
		074473601D6C428900CA030C /* test.wav in Resources */ = {isa = PBXBuildFile; fileRef = 0744735F1D6C428900CA030C /* test.wav */; };
		07C2CFB81D6C26F300C84349 /* AppDelegate.swift in Sources */ = {isa = PBXBuildFile; fileRef = 07C2CFB71D6C26F300C84349 /* AppDelegate.swift */; };
		07C2CFBC1D6C26F300C84349 /* Assets.xcassets in Resources */ = {isa = PBXBuildFile; fileRef = 07C2CFBB1D6C26F300C84349 /* Assets.xcassets */; };
		07C2CFBF1D6C26F300C84349 /* Main.storyboard in Resources */ = {isa = PBXBuildFile; fileRef = 07C2CFBD1D6C26F300C84349 /* Main.storyboard */; };
		07C2CFCF1D6C281900C84349 /* ChatMessageCellView.swift in Sources */ = {isa = PBXBuildFile; fileRef = 07C2CFC61D6C281900C84349 /* ChatMessageCellView.swift */; };
		07C2CFD01D6C281900C84349 /* ChatMessageViewController.swift in Sources */ = {isa = PBXBuildFile; fileRef = 07C2CFC71D6C281900C84349 /* ChatMessageViewController.swift */; };
		07C2CFD11D6C281900C84349 /* DevicesViewController.swift in Sources */ = {isa = PBXBuildFile; fileRef = 07C2CFC81D6C281900C84349 /* DevicesViewController.swift */; };
		07C2CFD21D6C281900C84349 /* ImageBrowserItem.swift in Sources */ = {isa = PBXBuildFile; fileRef = 07C2CFC91D6C281900C84349 /* ImageBrowserItem.swift */; };
		07C2CFD31D6C281900C84349 /* MainWindowController.swift in Sources */ = {isa = PBXBuildFile; fileRef = 07C2CFCA1D6C281900C84349 /* MainWindowController.swift */; };
		07C2CFD41D6C281900C84349 /* ReplacementSegue.swift in Sources */ = {isa = PBXBuildFile; fileRef = 07C2CFCB1D6C281900C84349 /* ReplacementSegue.swift */; };
		07C2CFD51D6C281900C84349 /* MainViewController.swift in Sources */ = {isa = PBXBuildFile; fileRef = 07C2CFCC1D6C281900C84349 /* MainViewController.swift */; };
		07C2CFD61D6C281900C84349 /* SettingsViewController.swift in Sources */ = {isa = PBXBuildFile; fileRef = 07C2CFCD1D6C281900C84349 /* SettingsViewController.swift */; };
		07C2CFD71D6C281900C84349 /* RoomViewController.swift in Sources */ = {isa = PBXBuildFile; fileRef = 07C2CFCE1D6C281900C84349 /* RoomViewController.swift */; };
		07C2CFD91D6C282400C84349 /* WindowsCenter.swift in Sources */ = {isa = PBXBuildFile; fileRef = 07C2CFD81D6C282400C84349 /* WindowsCenter.swift */; };
		07C2CFDD1D6C286300C84349 /* AGVideoPreProcessing.mm in Sources */ = {isa = PBXBuildFile; fileRef = 07C2CFDC1D6C286300C84349 /* AGVideoPreProcessing.mm */; };
		07C2CFE51D6C291C00C84349 /* CollectionIndexModel.swift in Sources */ = {isa = PBXBuildFile; fileRef = 07C2CFDE1D6C291C00C84349 /* CollectionIndexModel.swift */; };
		07C2CFE61D6C291C00C84349 /* CommonExtensions.swift in Sources */ = {isa = PBXBuildFile; fileRef = 07C2CFDF1D6C291C00C84349 /* CommonExtensions.swift */; };
		07C2CFE71D6C291C00C84349 /* EncryptionType.swift in Sources */ = {isa = PBXBuildFile; fileRef = 07C2CFE01D6C291C00C84349 /* EncryptionType.swift */; };
		07C2CFE81D6C291C00C84349 /* KeyCenter.swift in Sources */ = {isa = PBXBuildFile; fileRef = 07C2CFE11D6C291C00C84349 /* KeyCenter.swift */; };
		07C2CFE91D6C291C00C84349 /* MediaCharacter.swift in Sources */ = {isa = PBXBuildFile; fileRef = 07C2CFE21D6C291C00C84349 /* MediaCharacter.swift */; };
		07C2CFEA1D6C291C00C84349 /* MediaInfo.swift in Sources */ = {isa = PBXBuildFile; fileRef = 07C2CFE31D6C291C00C84349 /* MediaInfo.swift */; };
		07C2CFF31D6C299400C84349 /* VideoSession.swift in Sources */ = {isa = PBXBuildFile; fileRef = 07C2CFEF1D6C299400C84349 /* VideoSession.swift */; };
		07C2CFF41D6C299400C84349 /* VideoView.swift in Sources */ = {isa = PBXBuildFile; fileRef = 07C2CFF01D6C299400C84349 /* VideoView.swift */; };
		07C2CFF51D6C299400C84349 /* VideoViewLayout.swift in Sources */ = {isa = PBXBuildFile; fileRef = 07C2CFF11D6C299400C84349 /* VideoViewLayout.swift */; };
		07C2D0001D6C2DD900C84349 /* Message.swift in Sources */ = {isa = PBXBuildFile; fileRef = 07C2CFFF1D6C2DD900C84349 /* Message.swift */; };
		07D29C5F1E9E1F9900C3583C /* AgoraRtcEngineKit.framework in Frameworks */ = {isa = PBXBuildFile; fileRef = 07D29C5E1E9E1F9900C3583C /* AgoraRtcEngineKit.framework */; };
		3832FA63227FCDCA00E50E69 /* FileCenter.swift in Sources */ = {isa = PBXBuildFile; fileRef = 3832FA62227FCDCA00E50E69 /* FileCenter.swift */; };
		3832FA69227FFE5400E50E69 /* Them.mp3 in Resources */ = {isa = PBXBuildFile; fileRef = 3832FA68227FFE5300E50E69 /* Them.mp3 */; };
		389D99B221885C1D00BFD852 /* libresolv.9.tbd in Frameworks */ = {isa = PBXBuildFile; fileRef = 389D99B121885C1D00BFD852 /* libresolv.9.tbd */; };
		389D99B421885C2500BFD852 /* libc++.tbd in Frameworks */ = {isa = PBXBuildFile; fileRef = 389D99B321885C2500BFD852 /* libc++.tbd */; };
		389D99B621885C4000BFD852 /* Accelerate.framework in Frameworks */ = {isa = PBXBuildFile; fileRef = 389D99B521885C4000BFD852 /* Accelerate.framework */; };
		389D99B821885C4600BFD852 /* CoreWLAN.framework in Frameworks */ = {isa = PBXBuildFile; fileRef = 389D99B721885C4600BFD852 /* CoreWLAN.framework */; };
		389D99BA21885C4D00BFD852 /* SystemConfiguration.framework in Frameworks */ = {isa = PBXBuildFile; fileRef = 389D99B921885C4D00BFD852 /* SystemConfiguration.framework */; };
		389D99BC21885C5200BFD852 /* VideoToolbox.framework in Frameworks */ = {isa = PBXBuildFile; fileRef = 389D99BB21885C5200BFD852 /* VideoToolbox.framework */; };
/* End PBXBuildFile section */

/* Begin PBXFileReference section */
		0744735F1D6C428900CA030C /* test.wav */ = {isa = PBXFileReference; lastKnownFileType = audio.wav; path = test.wav; sourceTree = "<group>"; };
		07C2CFB41D6C26F300C84349 /* OpenVideoCall.app */ = {isa = PBXFileReference; explicitFileType = wrapper.application; includeInIndex = 0; path = OpenVideoCall.app; sourceTree = BUILT_PRODUCTS_DIR; };
		07C2CFB71D6C26F300C84349 /* AppDelegate.swift */ = {isa = PBXFileReference; lastKnownFileType = sourcecode.swift; path = AppDelegate.swift; sourceTree = "<group>"; };
		07C2CFBB1D6C26F300C84349 /* Assets.xcassets */ = {isa = PBXFileReference; lastKnownFileType = folder.assetcatalog; path = Assets.xcassets; sourceTree = "<group>"; };
		07C2CFBE1D6C26F300C84349 /* Base */ = {isa = PBXFileReference; lastKnownFileType = file.storyboard; name = Base; path = Base.lproj/Main.storyboard; sourceTree = "<group>"; };
		07C2CFC01D6C26F300C84349 /* Info.plist */ = {isa = PBXFileReference; lastKnownFileType = text.plist.xml; path = Info.plist; sourceTree = "<group>"; };
		07C2CFC61D6C281900C84349 /* ChatMessageCellView.swift */ = {isa = PBXFileReference; fileEncoding = 4; lastKnownFileType = sourcecode.swift; path = ChatMessageCellView.swift; sourceTree = "<group>"; };
		07C2CFC71D6C281900C84349 /* ChatMessageViewController.swift */ = {isa = PBXFileReference; fileEncoding = 4; lastKnownFileType = sourcecode.swift; path = ChatMessageViewController.swift; sourceTree = "<group>"; };
		07C2CFC81D6C281900C84349 /* DevicesViewController.swift */ = {isa = PBXFileReference; fileEncoding = 4; lastKnownFileType = sourcecode.swift; path = DevicesViewController.swift; sourceTree = "<group>"; };
		07C2CFC91D6C281900C84349 /* ImageBrowserItem.swift */ = {isa = PBXFileReference; fileEncoding = 4; lastKnownFileType = sourcecode.swift; path = ImageBrowserItem.swift; sourceTree = "<group>"; };
		07C2CFCA1D6C281900C84349 /* MainWindowController.swift */ = {isa = PBXFileReference; fileEncoding = 4; lastKnownFileType = sourcecode.swift; path = MainWindowController.swift; sourceTree = "<group>"; };
		07C2CFCB1D6C281900C84349 /* ReplacementSegue.swift */ = {isa = PBXFileReference; fileEncoding = 4; lastKnownFileType = sourcecode.swift; path = ReplacementSegue.swift; sourceTree = "<group>"; };
		07C2CFCC1D6C281900C84349 /* MainViewController.swift */ = {isa = PBXFileReference; fileEncoding = 4; lastKnownFileType = sourcecode.swift; path = MainViewController.swift; sourceTree = "<group>"; };
		07C2CFCD1D6C281900C84349 /* SettingsViewController.swift */ = {isa = PBXFileReference; fileEncoding = 4; lastKnownFileType = sourcecode.swift; path = SettingsViewController.swift; sourceTree = "<group>"; };
		07C2CFCE1D6C281900C84349 /* RoomViewController.swift */ = {isa = PBXFileReference; fileEncoding = 4; lastKnownFileType = sourcecode.swift; lineEnding = 0; path = RoomViewController.swift; sourceTree = "<group>"; xcLanguageSpecificationIdentifier = xcode.lang.swift; };
		07C2CFD81D6C282400C84349 /* WindowsCenter.swift */ = {isa = PBXFileReference; fileEncoding = 4; lastKnownFileType = sourcecode.swift; path = WindowsCenter.swift; sourceTree = "<group>"; };
		07C2CFDA1D6C286300C84349 /* OpenVideoCall-Bridging-Header.h */ = {isa = PBXFileReference; lastKnownFileType = sourcecode.c.h; path = "OpenVideoCall-Bridging-Header.h"; sourceTree = "<group>"; };
		07C2CFDB1D6C286300C84349 /* AGVideoPreProcessing.h */ = {isa = PBXFileReference; fileEncoding = 4; lastKnownFileType = sourcecode.c.h; path = AGVideoPreProcessing.h; sourceTree = "<group>"; };
		07C2CFDC1D6C286300C84349 /* AGVideoPreProcessing.mm */ = {isa = PBXFileReference; fileEncoding = 4; lastKnownFileType = sourcecode.cpp.objcpp; path = AGVideoPreProcessing.mm; sourceTree = "<group>"; };
		07C2CFDE1D6C291C00C84349 /* CollectionIndexModel.swift */ = {isa = PBXFileReference; fileEncoding = 4; lastKnownFileType = sourcecode.swift; path = CollectionIndexModel.swift; sourceTree = "<group>"; };
		07C2CFDF1D6C291C00C84349 /* CommonExtensions.swift */ = {isa = PBXFileReference; fileEncoding = 4; lastKnownFileType = sourcecode.swift; lineEnding = 0; path = CommonExtensions.swift; sourceTree = "<group>"; xcLanguageSpecificationIdentifier = xcode.lang.swift; };
		07C2CFE01D6C291C00C84349 /* EncryptionType.swift */ = {isa = PBXFileReference; fileEncoding = 4; lastKnownFileType = sourcecode.swift; path = EncryptionType.swift; sourceTree = "<group>"; };
		07C2CFE11D6C291C00C84349 /* KeyCenter.swift */ = {isa = PBXFileReference; fileEncoding = 4; lastKnownFileType = sourcecode.swift; path = KeyCenter.swift; sourceTree = "<group>"; };
		07C2CFE21D6C291C00C84349 /* MediaCharacter.swift */ = {isa = PBXFileReference; fileEncoding = 4; lastKnownFileType = sourcecode.swift; path = MediaCharacter.swift; sourceTree = "<group>"; };
		07C2CFE31D6C291C00C84349 /* MediaInfo.swift */ = {isa = PBXFileReference; fileEncoding = 4; lastKnownFileType = sourcecode.swift; path = MediaInfo.swift; sourceTree = "<group>"; };
		07C2CFEF1D6C299400C84349 /* VideoSession.swift */ = {isa = PBXFileReference; fileEncoding = 4; lastKnownFileType = sourcecode.swift; path = VideoSession.swift; sourceTree = "<group>"; };
		07C2CFF01D6C299400C84349 /* VideoView.swift */ = {isa = PBXFileReference; fileEncoding = 4; lastKnownFileType = sourcecode.swift; lineEnding = 0; path = VideoView.swift; sourceTree = "<group>"; xcLanguageSpecificationIdentifier = xcode.lang.swift; };
		07C2CFF11D6C299400C84349 /* VideoViewLayout.swift */ = {isa = PBXFileReference; fileEncoding = 4; lastKnownFileType = sourcecode.swift; lineEnding = 0; path = VideoViewLayout.swift; sourceTree = "<group>"; xcLanguageSpecificationIdentifier = xcode.lang.swift; };
		07C2CFFF1D6C2DD900C84349 /* Message.swift */ = {isa = PBXFileReference; fileEncoding = 4; lastKnownFileType = sourcecode.swift; lineEnding = 0; path = Message.swift; sourceTree = "<group>"; xcLanguageSpecificationIdentifier = xcode.lang.swift; };
		07D29C5E1E9E1F9900C3583C /* AgoraRtcEngineKit.framework */ = {isa = PBXFileReference; lastKnownFileType = wrapper.framework; path = AgoraRtcEngineKit.framework; sourceTree = "<group>"; };
		3832FA62227FCDCA00E50E69 /* FileCenter.swift */ = {isa = PBXFileReference; fileEncoding = 4; lastKnownFileType = sourcecode.swift; path = FileCenter.swift; sourceTree = "<group>"; };
		3832FA68227FFE5300E50E69 /* Them.mp3 */ = {isa = PBXFileReference; lastKnownFileType = audio.mp3; name = Them.mp3; path = ../../SharedFiles/Them.mp3; sourceTree = "<group>"; };
		389D99B121885C1D00BFD852 /* libresolv.9.tbd */ = {isa = PBXFileReference; lastKnownFileType = "sourcecode.text-based-dylib-definition"; name = libresolv.9.tbd; path = usr/lib/libresolv.9.tbd; sourceTree = SDKROOT; };
		389D99B321885C2500BFD852 /* libc++.tbd */ = {isa = PBXFileReference; lastKnownFileType = "sourcecode.text-based-dylib-definition"; name = "libc++.tbd"; path = "usr/lib/libc++.tbd"; sourceTree = SDKROOT; };
		389D99B521885C4000BFD852 /* Accelerate.framework */ = {isa = PBXFileReference; lastKnownFileType = wrapper.framework; name = Accelerate.framework; path = System/Library/Frameworks/Accelerate.framework; sourceTree = SDKROOT; };
		389D99B721885C4600BFD852 /* CoreWLAN.framework */ = {isa = PBXFileReference; lastKnownFileType = wrapper.framework; name = CoreWLAN.framework; path = System/Library/Frameworks/CoreWLAN.framework; sourceTree = SDKROOT; };
		389D99B921885C4D00BFD852 /* SystemConfiguration.framework */ = {isa = PBXFileReference; lastKnownFileType = wrapper.framework; name = SystemConfiguration.framework; path = System/Library/Frameworks/SystemConfiguration.framework; sourceTree = SDKROOT; };
		389D99BB21885C5200BFD852 /* VideoToolbox.framework */ = {isa = PBXFileReference; lastKnownFileType = wrapper.framework; name = VideoToolbox.framework; path = System/Library/Frameworks/VideoToolbox.framework; sourceTree = SDKROOT; };
/* End PBXFileReference section */

/* Begin PBXFrameworksBuildPhase section */
		07C2CFB11D6C26F300C84349 /* Frameworks */ = {
			isa = PBXFrameworksBuildPhase;
			buildActionMask = 2147483647;
			files = (
				07D29C5F1E9E1F9900C3583C /* AgoraRtcEngineKit.framework in Frameworks */,
				389D99B621885C4000BFD852 /* Accelerate.framework in Frameworks */,
				389D99B821885C4600BFD852 /* CoreWLAN.framework in Frameworks */,
				389D99B421885C2500BFD852 /* libc++.tbd in Frameworks */,
				389D99B221885C1D00BFD852 /* libresolv.9.tbd in Frameworks */,
				389D99BA21885C4D00BFD852 /* SystemConfiguration.framework in Frameworks */,
				389D99BC21885C5200BFD852 /* VideoToolbox.framework in Frameworks */,
			);
			runOnlyForDeploymentPostprocessing = 0;
		};
/* End PBXFrameworksBuildPhase section */

/* Begin PBXGroup section */
		07C2CFAB1D6C26F300C84349 = {
			isa = PBXGroup;
			children = (
				07C2CFB61D6C26F300C84349 /* OpenVideoCall */,
				07C2CFB51D6C26F300C84349 /* Products */,
				389D99B021885C1C00BFD852 /* Frameworks */,
			);
			sourceTree = "<group>";
		};
		07C2CFB51D6C26F300C84349 /* Products */ = {
			isa = PBXGroup;
			children = (
				07C2CFB41D6C26F300C84349 /* OpenVideoCall.app */,
			);
			name = Products;
			sourceTree = "<group>";
		};
		07C2CFB61D6C26F300C84349 /* OpenVideoCall */ = {
			isa = PBXGroup;
			children = (
				07C2CFEC1D6C292400C84349 /* Controllers */,
				07C2CFED1D6C294900C84349 /* Views */,
				07C2CFF61D6C29A100C84349 /* Models */,
				07D29C5E1E9E1F9900C3583C /* AgoraRtcEngineKit.framework */,
				07C2CFBB1D6C26F300C84349 /* Assets.xcassets */,
				07C2CFB71D6C26F300C84349 /* AppDelegate.swift */,
				07C2CFC01D6C26F300C84349 /* Info.plist */,
				0744735F1D6C428900CA030C /* test.wav */,
				3832FA68227FFE5300E50E69 /* Them.mp3 */,
				07C2CFDA1D6C286300C84349 /* OpenVideoCall-Bridging-Header.h */,
			);
			path = OpenVideoCall;
			sourceTree = "<group>";
		};
		07C2CFEC1D6C292400C84349 /* Controllers */ = {
			isa = PBXGroup;
			children = (
				07C2CFCA1D6C281900C84349 /* MainWindowController.swift */,
				07C2CFCC1D6C281900C84349 /* MainViewController.swift */,
				07C2CFCD1D6C281900C84349 /* SettingsViewController.swift */,
				07C2CFC81D6C281900C84349 /* DevicesViewController.swift */,
				07C2CFCE1D6C281900C84349 /* RoomViewController.swift */,
				07C2CFC71D6C281900C84349 /* ChatMessageViewController.swift */,
			);
			name = Controllers;
			sourceTree = "<group>";
		};
		07C2CFED1D6C294900C84349 /* Views */ = {
			isa = PBXGroup;
			children = (
				07C2CFBD1D6C26F300C84349 /* Main.storyboard */,
				07C2CFCB1D6C281900C84349 /* ReplacementSegue.swift */,
				07C2CFC61D6C281900C84349 /* ChatMessageCellView.swift */,
				07C2CFD81D6C282400C84349 /* WindowsCenter.swift */,
				07C2CFEF1D6C299400C84349 /* VideoSession.swift */,
				07C2CFF01D6C299400C84349 /* VideoView.swift */,
				07C2CFF11D6C299400C84349 /* VideoViewLayout.swift */,
				07C2CFC91D6C281900C84349 /* ImageBrowserItem.swift */,
			);
			name = Views;
			sourceTree = "<group>";
		};
		07C2CFF61D6C29A100C84349 /* Models */ = {
			isa = PBXGroup;
			children = (
				07C2CFE11D6C291C00C84349 /* KeyCenter.swift */,
				3832FA62227FCDCA00E50E69 /* FileCenter.swift */,
				07C2CFE21D6C291C00C84349 /* MediaCharacter.swift */,
				07C2CFE31D6C291C00C84349 /* MediaInfo.swift */,
				07C2CFFF1D6C2DD900C84349 /* Message.swift */,
				07C2CFE01D6C291C00C84349 /* EncryptionType.swift */,
				07C2CFDE1D6C291C00C84349 /* CollectionIndexModel.swift */,
				07C2CFDB1D6C286300C84349 /* AGVideoPreProcessing.h */,
				07C2CFDC1D6C286300C84349 /* AGVideoPreProcessing.mm */,
				07C2CFDF1D6C291C00C84349 /* CommonExtensions.swift */,
			);
			name = Models;
			sourceTree = "<group>";
		};
		389D99B021885C1C00BFD852 /* Frameworks */ = {
			isa = PBXGroup;
			children = (
				389D99BB21885C5200BFD852 /* VideoToolbox.framework */,
				389D99B921885C4D00BFD852 /* SystemConfiguration.framework */,
				389D99B721885C4600BFD852 /* CoreWLAN.framework */,
				389D99B521885C4000BFD852 /* Accelerate.framework */,
				389D99B321885C2500BFD852 /* libc++.tbd */,
				389D99B121885C1D00BFD852 /* libresolv.9.tbd */,
			);
			name = Frameworks;
			sourceTree = "<group>";
		};
/* End PBXGroup section */

/* Begin PBXNativeTarget section */
		07C2CFB31D6C26F300C84349 /* OpenVideoCall */ = {
			isa = PBXNativeTarget;
			buildConfigurationList = 07C2CFC31D6C26F300C84349 /* Build configuration list for PBXNativeTarget "OpenVideoCall" */;
			buildPhases = (
				07C2CFB01D6C26F300C84349 /* Sources */,
				07C2CFB11D6C26F300C84349 /* Frameworks */,
				07C2CFB21D6C26F300C84349 /* Resources */,
			);
			buildRules = (
			);
			dependencies = (
			);
			name = OpenVideoCall;
			productName = OpenVideoCall;
			productReference = 07C2CFB41D6C26F300C84349 /* OpenVideoCall.app */;
			productType = "com.apple.product-type.application";
		};
/* End PBXNativeTarget section */

/* Begin PBXProject section */
		07C2CFAC1D6C26F300C84349 /* Project object */ = {
			isa = PBXProject;
			attributes = {
				LastSwiftUpdateCheck = 0820;
				LastUpgradeCheck = 1020;
				ORGANIZATIONNAME = Agora;
				TargetAttributes = {
					07C2CFB31D6C26F300C84349 = {
						CreatedOnToolsVersion = 7.3.1;
						LastSwiftMigration = 1000;
					};
				};
			};
			buildConfigurationList = 07C2CFAF1D6C26F300C84349 /* Build configuration list for PBXProject "OpenVideoCall" */;
			compatibilityVersion = "Xcode 3.2";
			developmentRegion = en;
			hasScannedForEncodings = 0;
			knownRegions = (
				en,
				Base,
			);
			mainGroup = 07C2CFAB1D6C26F300C84349;
			productRefGroup = 07C2CFB51D6C26F300C84349 /* Products */;
			projectDirPath = "";
			projectRoot = "";
			targets = (
				07C2CFB31D6C26F300C84349 /* OpenVideoCall */,
			);
		};
/* End PBXProject section */

/* Begin PBXResourcesBuildPhase section */
		07C2CFB21D6C26F300C84349 /* Resources */ = {
			isa = PBXResourcesBuildPhase;
			buildActionMask = 2147483647;
			files = (
				3832FA69227FFE5400E50E69 /* Them.mp3 in Resources */,
				074473601D6C428900CA030C /* test.wav in Resources */,
				07C2CFBC1D6C26F300C84349 /* Assets.xcassets in Resources */,
				07C2CFBF1D6C26F300C84349 /* Main.storyboard in Resources */,
			);
			runOnlyForDeploymentPostprocessing = 0;
		};
/* End PBXResourcesBuildPhase section */

/* Begin PBXSourcesBuildPhase section */
		07C2CFB01D6C26F300C84349 /* Sources */ = {
			isa = PBXSourcesBuildPhase;
			buildActionMask = 2147483647;
			files = (
				07C2CFD91D6C282400C84349 /* WindowsCenter.swift in Sources */,
				07C2CFF31D6C299400C84349 /* VideoSession.swift in Sources */,
				07C2CFD11D6C281900C84349 /* DevicesViewController.swift in Sources */,
				07C2CFDD1D6C286300C84349 /* AGVideoPreProcessing.mm in Sources */,
				07C2CFE71D6C291C00C84349 /* EncryptionType.swift in Sources */,
				07C2CFE81D6C291C00C84349 /* KeyCenter.swift in Sources */,
				07C2CFD21D6C281900C84349 /* ImageBrowserItem.swift in Sources */,
				07C2CFE91D6C291C00C84349 /* MediaCharacter.swift in Sources */,
				3832FA63227FCDCA00E50E69 /* FileCenter.swift in Sources */,
				07C2D0001D6C2DD900C84349 /* Message.swift in Sources */,
				07C2CFD31D6C281900C84349 /* MainWindowController.swift in Sources */,
				07C2CFCF1D6C281900C84349 /* ChatMessageCellView.swift in Sources */,
				07C2CFE61D6C291C00C84349 /* CommonExtensions.swift in Sources */,
				07C2CFD51D6C281900C84349 /* MainViewController.swift in Sources */,
				07C2CFB81D6C26F300C84349 /* AppDelegate.swift in Sources */,
				07C2CFD01D6C281900C84349 /* ChatMessageViewController.swift in Sources */,
				07C2CFD41D6C281900C84349 /* ReplacementSegue.swift in Sources */,
				07C2CFF51D6C299400C84349 /* VideoViewLayout.swift in Sources */,
				07C2CFEA1D6C291C00C84349 /* MediaInfo.swift in Sources */,
				07C2CFD71D6C281900C84349 /* RoomViewController.swift in Sources */,
				07C2CFD61D6C281900C84349 /* SettingsViewController.swift in Sources */,
				07C2CFF41D6C299400C84349 /* VideoView.swift in Sources */,
				07C2CFE51D6C291C00C84349 /* CollectionIndexModel.swift in Sources */,
			);
			runOnlyForDeploymentPostprocessing = 0;
		};
/* End PBXSourcesBuildPhase section */

/* Begin PBXVariantGroup section */
		07C2CFBD1D6C26F300C84349 /* Main.storyboard */ = {
			isa = PBXVariantGroup;
			children = (
				07C2CFBE1D6C26F300C84349 /* Base */,
			);
			name = Main.storyboard;
			sourceTree = "<group>";
		};
/* End PBXVariantGroup section */

/* Begin XCBuildConfiguration section */
		07C2CFC11D6C26F300C84349 /* Debug */ = {
			isa = XCBuildConfiguration;
			buildSettings = {
				ALWAYS_SEARCH_USER_PATHS = NO;
				CLANG_ANALYZER_LOCALIZABILITY_NONLOCALIZED = YES;
				CLANG_ANALYZER_NONNULL = YES;
				CLANG_CXX_LANGUAGE_STANDARD = "gnu++0x";
				CLANG_CXX_LIBRARY = "libc++";
				CLANG_ENABLE_MODULES = YES;
				CLANG_ENABLE_OBJC_ARC = YES;
				CLANG_WARN_BLOCK_CAPTURE_AUTORELEASING = YES;
				CLANG_WARN_BOOL_CONVERSION = YES;
				CLANG_WARN_COMMA = YES;
				CLANG_WARN_CONSTANT_CONVERSION = YES;
				CLANG_WARN_DEPRECATED_OBJC_IMPLEMENTATIONS = YES;
				CLANG_WARN_DIRECT_OBJC_ISA_USAGE = YES_ERROR;
				CLANG_WARN_EMPTY_BODY = YES;
				CLANG_WARN_ENUM_CONVERSION = YES;
				CLANG_WARN_INFINITE_RECURSION = YES;
				CLANG_WARN_INT_CONVERSION = YES;
				CLANG_WARN_NON_LITERAL_NULL_CONVERSION = YES;
				CLANG_WARN_OBJC_IMPLICIT_RETAIN_SELF = YES;
				CLANG_WARN_OBJC_LITERAL_CONVERSION = YES;
				CLANG_WARN_OBJC_ROOT_CLASS = YES_ERROR;
				CLANG_WARN_RANGE_LOOP_ANALYSIS = YES;
				CLANG_WARN_STRICT_PROTOTYPES = YES;
				CLANG_WARN_SUSPICIOUS_MOVE = YES;
				CLANG_WARN_UNREACHABLE_CODE = YES;
				CLANG_WARN__DUPLICATE_METHOD_MATCH = YES;
				CODE_SIGN_IDENTITY = "-";
				COPY_PHASE_STRIP = NO;
				DEBUG_INFORMATION_FORMAT = dwarf;
				ENABLE_STRICT_OBJC_MSGSEND = YES;
				ENABLE_TESTABILITY = YES;
				GCC_C_LANGUAGE_STANDARD = gnu99;
				GCC_DYNAMIC_NO_PIC = NO;
				GCC_NO_COMMON_BLOCKS = YES;
				GCC_OPTIMIZATION_LEVEL = 0;
				GCC_PREPROCESSOR_DEFINITIONS = (
					"DEBUG=1",
					"$(inherited)",
				);
				GCC_WARN_64_TO_32_BIT_CONVERSION = YES;
				GCC_WARN_ABOUT_RETURN_TYPE = YES_ERROR;
				GCC_WARN_UNDECLARED_SELECTOR = YES;
				GCC_WARN_UNINITIALIZED_AUTOS = YES_AGGRESSIVE;
				GCC_WARN_UNUSED_FUNCTION = YES;
				GCC_WARN_UNUSED_VARIABLE = YES;
				MACOSX_DEPLOYMENT_TARGET = 10.11;
				MTL_ENABLE_DEBUG_INFO = YES;
				ONLY_ACTIVE_ARCH = YES;
				SDKROOT = macosx;
				SWIFT_OPTIMIZATION_LEVEL = "-Onone";
			};
			name = Debug;
		};
		07C2CFC21D6C26F300C84349 /* Release */ = {
			isa = XCBuildConfiguration;
			buildSettings = {
				ALWAYS_SEARCH_USER_PATHS = NO;
				CLANG_ANALYZER_LOCALIZABILITY_NONLOCALIZED = YES;
				CLANG_ANALYZER_NONNULL = YES;
				CLANG_CXX_LANGUAGE_STANDARD = "gnu++0x";
				CLANG_CXX_LIBRARY = "libc++";
				CLANG_ENABLE_MODULES = YES;
				CLANG_ENABLE_OBJC_ARC = YES;
				CLANG_WARN_BLOCK_CAPTURE_AUTORELEASING = YES;
				CLANG_WARN_BOOL_CONVERSION = YES;
				CLANG_WARN_COMMA = YES;
				CLANG_WARN_CONSTANT_CONVERSION = YES;
				CLANG_WARN_DEPRECATED_OBJC_IMPLEMENTATIONS = YES;
				CLANG_WARN_DIRECT_OBJC_ISA_USAGE = YES_ERROR;
				CLANG_WARN_EMPTY_BODY = YES;
				CLANG_WARN_ENUM_CONVERSION = YES;
				CLANG_WARN_INFINITE_RECURSION = YES;
				CLANG_WARN_INT_CONVERSION = YES;
				CLANG_WARN_NON_LITERAL_NULL_CONVERSION = YES;
				CLANG_WARN_OBJC_IMPLICIT_RETAIN_SELF = YES;
				CLANG_WARN_OBJC_LITERAL_CONVERSION = YES;
				CLANG_WARN_OBJC_ROOT_CLASS = YES_ERROR;
				CLANG_WARN_RANGE_LOOP_ANALYSIS = YES;
				CLANG_WARN_STRICT_PROTOTYPES = YES;
				CLANG_WARN_SUSPICIOUS_MOVE = YES;
				CLANG_WARN_UNREACHABLE_CODE = YES;
				CLANG_WARN__DUPLICATE_METHOD_MATCH = YES;
				CODE_SIGN_IDENTITY = "-";
				COPY_PHASE_STRIP = NO;
				DEBUG_INFORMATION_FORMAT = "dwarf-with-dsym";
				ENABLE_NS_ASSERTIONS = NO;
				ENABLE_STRICT_OBJC_MSGSEND = YES;
				GCC_C_LANGUAGE_STANDARD = gnu99;
				GCC_NO_COMMON_BLOCKS = YES;
				GCC_WARN_64_TO_32_BIT_CONVERSION = YES;
				GCC_WARN_ABOUT_RETURN_TYPE = YES_ERROR;
				GCC_WARN_UNDECLARED_SELECTOR = YES;
				GCC_WARN_UNINITIALIZED_AUTOS = YES_AGGRESSIVE;
				GCC_WARN_UNUSED_FUNCTION = YES;
				GCC_WARN_UNUSED_VARIABLE = YES;
				MACOSX_DEPLOYMENT_TARGET = 10.11;
				MTL_ENABLE_DEBUG_INFO = NO;
				SDKROOT = macosx;
				SWIFT_OPTIMIZATION_LEVEL = "-Owholemodule";
			};
			name = Release;
		};
		07C2CFC41D6C26F300C84349 /* Debug */ = {
			isa = XCBuildConfiguration;
			buildSettings = {
				ASSETCATALOG_COMPILER_APPICON_NAME = AppIcon;
				CLANG_ENABLE_MODULES = YES;
				COMBINE_HIDPI_IMAGES = YES;
				FRAMEWORK_SEARCH_PATHS = (
					"$(inherited)",
					"$(PROJECT_DIR)/OpenVideoCall",
				);
				INFOPLIST_FILE = OpenVideoCall/Info.plist;
				LD_RUNPATH_SEARCH_PATHS = "$(inherited) @executable_path/../Frameworks";
				PRODUCT_BUNDLE_IDENTIFIER = io.agora.OpenVideoCall;
				PRODUCT_NAME = "$(TARGET_NAME)";
				SWIFT_OBJC_BRIDGING_HEADER = "OpenVideoCall/OpenVideoCall-Bridging-Header.h";
				SWIFT_OPTIMIZATION_LEVEL = "-Onone";
				SWIFT_SWIFT3_OBJC_INFERENCE = Default;
				SWIFT_VERSION = 4.2;
			};
			name = Debug;
		};
		07C2CFC51D6C26F300C84349 /* Release */ = {
			isa = XCBuildConfiguration;
			buildSettings = {
				ASSETCATALOG_COMPILER_APPICON_NAME = AppIcon;
				CLANG_ENABLE_MODULES = YES;
				COMBINE_HIDPI_IMAGES = YES;
				FRAMEWORK_SEARCH_PATHS = (
					"$(inherited)",
					"$(PROJECT_DIR)/OpenVideoCall",
				);
				INFOPLIST_FILE = OpenVideoCall/Info.plist;
				LD_RUNPATH_SEARCH_PATHS = "$(inherited) @executable_path/../Frameworks";
				PRODUCT_BUNDLE_IDENTIFIER = io.agora.OpenVideoCall;
				PRODUCT_NAME = "$(TARGET_NAME)";
				SWIFT_OBJC_BRIDGING_HEADER = "OpenVideoCall/OpenVideoCall-Bridging-Header.h";
				SWIFT_SWIFT3_OBJC_INFERENCE = Default;
				SWIFT_VERSION = 4.2;
			};
			name = Release;
		};
/* End XCBuildConfiguration section */

/* Begin XCConfigurationList section */
		07C2CFAF1D6C26F300C84349 /* Build configuration list for PBXProject "OpenVideoCall" */ = {
			isa = XCConfigurationList;
			buildConfigurations = (
				07C2CFC11D6C26F300C84349 /* Debug */,
				07C2CFC21D6C26F300C84349 /* Release */,
			);
			defaultConfigurationIsVisible = 0;
			defaultConfigurationName = Release;
		};
		07C2CFC31D6C26F300C84349 /* Build configuration list for PBXNativeTarget "OpenVideoCall" */ = {
			isa = XCConfigurationList;
			buildConfigurations = (
				07C2CFC41D6C26F300C84349 /* Debug */,
				07C2CFC51D6C26F300C84349 /* Release */,
			);
			defaultConfigurationIsVisible = 0;
			defaultConfigurationName = Release;
		};
/* End XCConfigurationList section */
	};
	rootObject = 07C2CFAC1D6C26F300C84349 /* Project object */;
}
