// !$*UTF8*$!
{
	archiveVersion = 1;
	classes = {
	};
	objectVersion = 46;
	objects = {

/* Begin PBXBuildFile section */
		076C59771DDDBC3500F813E2 /* main.m in Sources */ = {isa = PBXBuildFile; fileRef = 076C59761DDDBC3500F813E2 /* main.m */; };
		076C597A1DDDBC3500F813E2 /* AppDelegate.m in Sources */ = {isa = PBXBuildFile; fileRef = 076C59791DDDBC3500F813E2 /* AppDelegate.m */; };
		076C59821DDDBC3500F813E2 /* Assets.xcassets in Resources */ = {isa = PBXBuildFile; fileRef = 076C59811DDDBC3500F813E2 /* Assets.xcassets */; };
		076C59851DDDBC3500F813E2 /* LaunchScreen.storyboard in Resources */ = {isa = PBXBuildFile; fileRef = 076C59831DDDBC3500F813E2 /* LaunchScreen.storyboard */; };
		076C59961DDDBDE300F813E2 /* SettingsViewController.m in Sources */ = {isa = PBXBuildFile; fileRef = 076C59931DDDBDE200F813E2 /* SettingsViewController.m */; };
		076C59971DDDBDE300F813E2 /* DimensionCell.m in Sources */ = {isa = PBXBuildFile; fileRef = 076C59951DDDBDE300F813E2 /* DimensionCell.m */; };
		076C599A1DDDBF1500F813E2 /* MainViewController.m in Sources */ = {isa = PBXBuildFile; fileRef = 076C59991DDDBF1500F813E2 /* MainViewController.m */; };
		076C599F1DDDBF2200F813E2 /* RoomViewController.m in Sources */ = {isa = PBXBuildFile; fileRef = 076C599C1DDDBF2200F813E2 /* RoomViewController.m */; };
		076C59A01DDDBF2200F813E2 /* KeyCenter.m in Sources */ = {isa = PBXBuildFile; fileRef = 076C599E1DDDBF2200F813E2 /* KeyCenter.m */; };
		076C59A51DDDBF3100F813E2 /* VideoSession.m in Sources */ = {isa = PBXBuildFile; fileRef = 076C59A21DDDBF3100F813E2 /* VideoSession.m */; };
		076C59A61DDDBF3100F813E2 /* VideoViewLayouter.m in Sources */ = {isa = PBXBuildFile; fileRef = 076C59A41DDDBF3100F813E2 /* VideoViewLayouter.m */; };
		076C59A91DDDC9FD00F813E2 /* VideoView.m in Sources */ = {isa = PBXBuildFile; fileRef = 076C59A81DDDC9FD00F813E2 /* VideoView.m */; };
		076C59AC1DDDDE5D00F813E2 /* CoreTelephony.framework in Frameworks */ = {isa = PBXBuildFile; fileRef = 076C59AB1DDDDE5D00F813E2 /* CoreTelephony.framework */; };
		076C59AE1DDDDE6100F813E2 /* CoreMedia.framework in Frameworks */ = {isa = PBXBuildFile; fileRef = 076C59AD1DDDDE6100F813E2 /* CoreMedia.framework */; };
		076C59B01DDDDE6900F813E2 /* VideoToolbox.framework in Frameworks */ = {isa = PBXBuildFile; fileRef = 076C59AF1DDDDE6900F813E2 /* VideoToolbox.framework */; };
		076C59B21DDDDE7000F813E2 /* AudioToolbox.framework in Frameworks */ = {isa = PBXBuildFile; fileRef = 076C59B11DDDDE7000F813E2 /* AudioToolbox.framework */; };
		076C59B41DDDDE7600F813E2 /* libc++.tbd in Frameworks */ = {isa = PBXBuildFile; fileRef = 076C59B31DDDDE7600F813E2 /* libc++.tbd */; };
		076C59B61DDDDE7A00F813E2 /* AVFoundation.framework in Frameworks */ = {isa = PBXBuildFile; fileRef = 076C59B51DDDDE7A00F813E2 /* AVFoundation.framework */; };
		07D29C5B1E9E1ED900C3583C /* AgoraRtcEngineKit.framework in Frameworks */ = {isa = PBXBuildFile; fileRef = 07D29C5A1E9E1ED900C3583C /* AgoraRtcEngineKit.framework */; };
		07D29C5D1E9E1EFE00C3583C /* libresolv.tbd in Frameworks */ = {isa = PBXBuildFile; fileRef = 07D29C5C1E9E1EFE00C3583C /* libresolv.tbd */; };
		0FB4FB651FF1F979006C7AE3 /* SystemConfiguration.framework in Frameworks */ = {isa = PBXBuildFile; fileRef = 0FB4FB641FF1F979006C7AE3 /* SystemConfiguration.framework */; };
		3832FA5F227FC9DA00E50E69 /* FileCenter.m in Sources */ = {isa = PBXBuildFile; fileRef = 3832FA5E227FC9DA00E50E69 /* FileCenter.m */; };
		3832FA67227FF94300E50E69 /* Them.mp3 in Resources */ = {isa = PBXBuildFile; fileRef = 3832FA66227FF94200E50E69 /* Them.mp3 */; };
		385F305B2122CB13005D5301 /* Accelerate.framework in Frameworks */ = {isa = PBXBuildFile; fileRef = 385F305A2122CB13005D5301 /* Accelerate.framework */; };
		389D99A7218831C900BFD852 /* AgoraRtcCryptoLoader.framework in Frameworks */ = {isa = PBXBuildFile; fileRef = 389D99A6218831C900BFD852 /* AgoraRtcCryptoLoader.framework */; };
		389D99A9218831D000BFD852 /* libcrypto.a in Frameworks */ = {isa = PBXBuildFile; fileRef = 389D99A8218831D000BFD852 /* libcrypto.a */; };
		38D619362250BF34004A6C87 /* CoreML.framework in Frameworks */ = {isa = PBXBuildFile; fileRef = 38D619352250BF34004A6C87 /* CoreML.framework */; };
		A7327ECE1FC7B5E300882882 /* Encryption.m in Sources */ = {isa = PBXBuildFile; fileRef = A7327ECD1FC7B5E300882882 /* Encryption.m */; };
		A7327ED41FC7C7DB00882882 /* MessageCell.m in Sources */ = {isa = PBXBuildFile; fileRef = A7327ED31FC7C7DB00882882 /* MessageCell.m */; };
		A7327ED71FC7C7EE00882882 /* Message.m in Sources */ = {isa = PBXBuildFile; fileRef = A7327ED61FC7C7EE00882882 /* Message.m */; };
		A7FB1B6222A638500027986E /* Settings.m in Sources */ = {isa = PBXBuildFile; fileRef = A7FB1B6122A638500027986E /* Settings.m */; };
		A7FB1B6822A640680027986E /* CommonExtension.m in Sources */ = {isa = PBXBuildFile; fileRef = A7FB1B6722A640680027986E /* CommonExtension.m */; };
		A7FB1B6B22A6437B0027986E /* MediaCharater.m in Sources */ = {isa = PBXBuildFile; fileRef = A7FB1B6A22A6437B0027986E /* MediaCharater.m */; };
		A7FB1B7522A670B80027986E /* LastmileViewController.m in Sources */ = {isa = PBXBuildFile; fileRef = A7FB1B7422A670B80027986E /* LastmileViewController.m */; };
		A7FB1B8622A8C96B0027986E /* MessageViewController.m in Sources */ = {isa = PBXBuildFile; fileRef = A7FB1B8522A8C96B0027986E /* MessageViewController.m */; };
		A7FB1B8922A8C9850027986E /* RoomOptionsViewController.m in Sources */ = {isa = PBXBuildFile; fileRef = A7FB1B8822A8C9850027986E /* RoomOptionsViewController.m */; };
		A7FB1BD422AE448D0027986E /* Main.storyboard in Resources */ = {isa = PBXBuildFile; fileRef = A7FB1BD222AE448D0027986E /* Main.storyboard */; };
		A7FB1BE422AFABF30027986E /* MediaInfo.m in Sources */ = {isa = PBXBuildFile; fileRef = A7FB1BE322AFABF30027986E /* MediaInfo.m */; };
/* End PBXBuildFile section */

/* Begin PBXFileReference section */
		076C59721DDDBC3500F813E2 /* OpenVideoCall.app */ = {isa = PBXFileReference; explicitFileType = wrapper.application; includeInIndex = 0; path = OpenVideoCall.app; sourceTree = BUILT_PRODUCTS_DIR; };
		076C59761DDDBC3500F813E2 /* main.m */ = {isa = PBXFileReference; lastKnownFileType = sourcecode.c.objc; path = main.m; sourceTree = "<group>"; };
		076C59781DDDBC3500F813E2 /* AppDelegate.h */ = {isa = PBXFileReference; lastKnownFileType = sourcecode.c.h; path = AppDelegate.h; sourceTree = "<group>"; };
		076C59791DDDBC3500F813E2 /* AppDelegate.m */ = {isa = PBXFileReference; lastKnownFileType = sourcecode.c.objc; path = AppDelegate.m; sourceTree = "<group>"; };
		076C59811DDDBC3500F813E2 /* Assets.xcassets */ = {isa = PBXFileReference; lastKnownFileType = folder.assetcatalog; path = Assets.xcassets; sourceTree = "<group>"; };
		076C59841DDDBC3500F813E2 /* Base */ = {isa = PBXFileReference; lastKnownFileType = file.storyboard; name = Base; path = Base.lproj/LaunchScreen.storyboard; sourceTree = "<group>"; };
		076C59861DDDBC3500F813E2 /* Info.plist */ = {isa = PBXFileReference; lastKnownFileType = text.plist.xml; path = Info.plist; sourceTree = "<group>"; };
		076C59921DDDBDE200F813E2 /* SettingsViewController.h */ = {isa = PBXFileReference; fileEncoding = 4; lastKnownFileType = sourcecode.c.h; path = SettingsViewController.h; sourceTree = "<group>"; };
		076C59931DDDBDE200F813E2 /* SettingsViewController.m */ = {isa = PBXFileReference; fileEncoding = 4; lastKnownFileType = sourcecode.c.objc; path = SettingsViewController.m; sourceTree = "<group>"; };
		076C59941DDDBDE300F813E2 /* DimensionCell.h */ = {isa = PBXFileReference; fileEncoding = 4; lastKnownFileType = sourcecode.c.h; path = DimensionCell.h; sourceTree = "<group>"; };
		076C59951DDDBDE300F813E2 /* DimensionCell.m */ = {isa = PBXFileReference; fileEncoding = 4; lastKnownFileType = sourcecode.c.objc; path = DimensionCell.m; sourceTree = "<group>"; };
		076C59981DDDBF1500F813E2 /* MainViewController.h */ = {isa = PBXFileReference; fileEncoding = 4; lastKnownFileType = sourcecode.c.h; path = MainViewController.h; sourceTree = "<group>"; };
		076C59991DDDBF1500F813E2 /* MainViewController.m */ = {isa = PBXFileReference; fileEncoding = 4; lastKnownFileType = sourcecode.c.objc; path = MainViewController.m; sourceTree = "<group>"; };
		076C599B1DDDBF2200F813E2 /* RoomViewController.h */ = {isa = PBXFileReference; fileEncoding = 4; lastKnownFileType = sourcecode.c.h; path = RoomViewController.h; sourceTree = "<group>"; };
		076C599C1DDDBF2200F813E2 /* RoomViewController.m */ = {isa = PBXFileReference; fileEncoding = 4; lastKnownFileType = sourcecode.c.objc; path = RoomViewController.m; sourceTree = "<group>"; };
		076C599D1DDDBF2200F813E2 /* KeyCenter.h */ = {isa = PBXFileReference; fileEncoding = 4; lastKnownFileType = sourcecode.c.h; path = KeyCenter.h; sourceTree = "<group>"; };
		076C599E1DDDBF2200F813E2 /* KeyCenter.m */ = {isa = PBXFileReference; fileEncoding = 4; lastKnownFileType = sourcecode.c.objc; path = KeyCenter.m; sourceTree = "<group>"; };
		076C59A11DDDBF3100F813E2 /* VideoSession.h */ = {isa = PBXFileReference; fileEncoding = 4; lastKnownFileType = sourcecode.c.h; path = VideoSession.h; sourceTree = "<group>"; };
		076C59A21DDDBF3100F813E2 /* VideoSession.m */ = {isa = PBXFileReference; fileEncoding = 4; lastKnownFileType = sourcecode.c.objc; path = VideoSession.m; sourceTree = "<group>"; };
		076C59A31DDDBF3100F813E2 /* VideoViewLayouter.h */ = {isa = PBXFileReference; fileEncoding = 4; lastKnownFileType = sourcecode.c.h; path = VideoViewLayouter.h; sourceTree = "<group>"; };
		076C59A41DDDBF3100F813E2 /* VideoViewLayouter.m */ = {isa = PBXFileReference; fileEncoding = 4; lastKnownFileType = sourcecode.c.objc; path = VideoViewLayouter.m; sourceTree = "<group>"; };
		076C59A71DDDC9FD00F813E2 /* VideoView.h */ = {isa = PBXFileReference; fileEncoding = 4; lastKnownFileType = sourcecode.c.h; path = VideoView.h; sourceTree = "<group>"; };
		076C59A81DDDC9FD00F813E2 /* VideoView.m */ = {isa = PBXFileReference; fileEncoding = 4; lastKnownFileType = sourcecode.c.objc; path = VideoView.m; sourceTree = "<group>"; };
		076C59AB1DDDDE5D00F813E2 /* CoreTelephony.framework */ = {isa = PBXFileReference; lastKnownFileType = wrapper.framework; name = CoreTelephony.framework; path = System/Library/Frameworks/CoreTelephony.framework; sourceTree = SDKROOT; };
		076C59AD1DDDDE6100F813E2 /* CoreMedia.framework */ = {isa = PBXFileReference; lastKnownFileType = wrapper.framework; name = CoreMedia.framework; path = System/Library/Frameworks/CoreMedia.framework; sourceTree = SDKROOT; };
		076C59AF1DDDDE6900F813E2 /* VideoToolbox.framework */ = {isa = PBXFileReference; lastKnownFileType = wrapper.framework; name = VideoToolbox.framework; path = System/Library/Frameworks/VideoToolbox.framework; sourceTree = SDKROOT; };
		076C59B11DDDDE7000F813E2 /* AudioToolbox.framework */ = {isa = PBXFileReference; lastKnownFileType = wrapper.framework; name = AudioToolbox.framework; path = System/Library/Frameworks/AudioToolbox.framework; sourceTree = SDKROOT; };
		076C59B31DDDDE7600F813E2 /* libc++.tbd */ = {isa = PBXFileReference; lastKnownFileType = "sourcecode.text-based-dylib-definition"; name = "libc++.tbd"; path = "usr/lib/libc++.tbd"; sourceTree = SDKROOT; };
		076C59B51DDDDE7A00F813E2 /* AVFoundation.framework */ = {isa = PBXFileReference; lastKnownFileType = wrapper.framework; name = AVFoundation.framework; path = System/Library/Frameworks/AVFoundation.framework; sourceTree = SDKROOT; };
		07D29C5A1E9E1ED900C3583C /* AgoraRtcEngineKit.framework */ = {isa = PBXFileReference; lastKnownFileType = wrapper.framework; path = AgoraRtcEngineKit.framework; sourceTree = "<group>"; };
		07D29C5C1E9E1EFE00C3583C /* libresolv.tbd */ = {isa = PBXFileReference; lastKnownFileType = "sourcecode.text-based-dylib-definition"; name = libresolv.tbd; path = usr/lib/libresolv.tbd; sourceTree = SDKROOT; };
		0FB4FB641FF1F979006C7AE3 /* SystemConfiguration.framework */ = {isa = PBXFileReference; lastKnownFileType = wrapper.framework; name = SystemConfiguration.framework; path = System/Library/Frameworks/SystemConfiguration.framework; sourceTree = SDKROOT; };
		3832FA5D227FC9DA00E50E69 /* FileCenter.h */ = {isa = PBXFileReference; lastKnownFileType = sourcecode.c.h; path = FileCenter.h; sourceTree = "<group>"; };
		3832FA5E227FC9DA00E50E69 /* FileCenter.m */ = {isa = PBXFileReference; lastKnownFileType = sourcecode.c.objc; path = FileCenter.m; sourceTree = "<group>"; };
		3832FA66227FF94200E50E69 /* Them.mp3 */ = {isa = PBXFileReference; lastKnownFileType = audio.mp3; name = Them.mp3; path = ../../SharedFiles/Them.mp3; sourceTree = "<group>"; };
		385F305A2122CB13005D5301 /* Accelerate.framework */ = {isa = PBXFileReference; lastKnownFileType = wrapper.framework; name = Accelerate.framework; path = System/Library/Frameworks/Accelerate.framework; sourceTree = SDKROOT; };
		389D99A6218831C900BFD852 /* AgoraRtcCryptoLoader.framework */ = {isa = PBXFileReference; lastKnownFileType = wrapper.framework; path = AgoraRtcCryptoLoader.framework; sourceTree = "<group>"; };
		389D99A8218831D000BFD852 /* libcrypto.a */ = {isa = PBXFileReference; lastKnownFileType = archive.ar; path = libcrypto.a; sourceTree = "<group>"; };
		38D619352250BF34004A6C87 /* CoreML.framework */ = {isa = PBXFileReference; lastKnownFileType = wrapper.framework; name = CoreML.framework; path = System/Library/Frameworks/CoreML.framework; sourceTree = SDKROOT; };
		A7327ECC1FC7B5E300882882 /* Encryption.h */ = {isa = PBXFileReference; lastKnownFileType = sourcecode.c.h; path = Encryption.h; sourceTree = "<group>"; };
		A7327ECD1FC7B5E300882882 /* Encryption.m */ = {isa = PBXFileReference; lastKnownFileType = sourcecode.c.objc; path = Encryption.m; sourceTree = "<group>"; };
		A7327ED21FC7C7DB00882882 /* MessageCell.h */ = {isa = PBXFileReference; lastKnownFileType = sourcecode.c.h; path = MessageCell.h; sourceTree = "<group>"; };
		A7327ED31FC7C7DB00882882 /* MessageCell.m */ = {isa = PBXFileReference; lastKnownFileType = sourcecode.c.objc; path = MessageCell.m; sourceTree = "<group>"; };
		A7327ED51FC7C7EE00882882 /* Message.h */ = {isa = PBXFileReference; lastKnownFileType = sourcecode.c.h; path = Message.h; sourceTree = "<group>"; };
		A7327ED61FC7C7EE00882882 /* Message.m */ = {isa = PBXFileReference; lastKnownFileType = sourcecode.c.objc; path = Message.m; sourceTree = "<group>"; };
		A7FB1B6022A638500027986E /* Settings.h */ = {isa = PBXFileReference; lastKnownFileType = sourcecode.c.h; path = Settings.h; sourceTree = "<group>"; };
		A7FB1B6122A638500027986E /* Settings.m */ = {isa = PBXFileReference; lastKnownFileType = sourcecode.c.objc; path = Settings.m; sourceTree = "<group>"; };
		A7FB1B6622A640680027986E /* CommonExtension.h */ = {isa = PBXFileReference; lastKnownFileType = sourcecode.c.h; path = CommonExtension.h; sourceTree = "<group>"; };
		A7FB1B6722A640680027986E /* CommonExtension.m */ = {isa = PBXFileReference; lastKnownFileType = sourcecode.c.objc; path = CommonExtension.m; sourceTree = "<group>"; };
		A7FB1B6922A6437B0027986E /* MediaCharater.h */ = {isa = PBXFileReference; lastKnownFileType = sourcecode.c.h; path = MediaCharater.h; sourceTree = "<group>"; };
		A7FB1B6A22A6437B0027986E /* MediaCharater.m */ = {isa = PBXFileReference; lastKnownFileType = sourcecode.c.objc; path = MediaCharater.m; sourceTree = "<group>"; };
		A7FB1B7322A670B80027986E /* LastmileViewController.h */ = {isa = PBXFileReference; lastKnownFileType = sourcecode.c.h; path = LastmileViewController.h; sourceTree = "<group>"; };
		A7FB1B7422A670B80027986E /* LastmileViewController.m */ = {isa = PBXFileReference; lastKnownFileType = sourcecode.c.objc; path = LastmileViewController.m; sourceTree = "<group>"; };
		A7FB1B8422A8C96B0027986E /* MessageViewController.h */ = {isa = PBXFileReference; lastKnownFileType = sourcecode.c.h; path = MessageViewController.h; sourceTree = "<group>"; };
		A7FB1B8522A8C96B0027986E /* MessageViewController.m */ = {isa = PBXFileReference; lastKnownFileType = sourcecode.c.objc; path = MessageViewController.m; sourceTree = "<group>"; };
		A7FB1B8722A8C9850027986E /* RoomOptionsViewController.h */ = {isa = PBXFileReference; lastKnownFileType = sourcecode.c.h; path = RoomOptionsViewController.h; sourceTree = "<group>"; };
		A7FB1B8822A8C9850027986E /* RoomOptionsViewController.m */ = {isa = PBXFileReference; lastKnownFileType = sourcecode.c.objc; path = RoomOptionsViewController.m; sourceTree = "<group>"; };
		A7FB1BD322AE448D0027986E /* Base */ = {isa = PBXFileReference; lastKnownFileType = file.storyboard; name = Base; path = Base.lproj/Main.storyboard; sourceTree = "<group>"; };
		A7FB1BE222AFABF30027986E /* MediaInfo.h */ = {isa = PBXFileReference; lastKnownFileType = sourcecode.c.h; path = MediaInfo.h; sourceTree = "<group>"; };
		A7FB1BE322AFABF30027986E /* MediaInfo.m */ = {isa = PBXFileReference; lastKnownFileType = sourcecode.c.objc; path = MediaInfo.m; sourceTree = "<group>"; };
/* End PBXFileReference section */

/* Begin PBXFrameworksBuildPhase section */
		076C596F1DDDBC3500F813E2 /* Frameworks */ = {
			isa = PBXFrameworksBuildPhase;
			buildActionMask = 2147483647;
			files = (
				385F305B2122CB13005D5301 /* Accelerate.framework in Frameworks */,
				38D619362250BF34004A6C87 /* CoreML.framework in Frameworks */,
				0FB4FB651FF1F979006C7AE3 /* SystemConfiguration.framework in Frameworks */,
				389D99A9218831D000BFD852 /* libcrypto.a in Frameworks */,
				07D29C5D1E9E1EFE00C3583C /* libresolv.tbd in Frameworks */,
				076C59B61DDDDE7A00F813E2 /* AVFoundation.framework in Frameworks */,
				389D99A7218831C900BFD852 /* AgoraRtcCryptoLoader.framework in Frameworks */,
				076C59B41DDDDE7600F813E2 /* libc++.tbd in Frameworks */,
				076C59B21DDDDE7000F813E2 /* AudioToolbox.framework in Frameworks */,
				076C59B01DDDDE6900F813E2 /* VideoToolbox.framework in Frameworks */,
				07D29C5B1E9E1ED900C3583C /* AgoraRtcEngineKit.framework in Frameworks */,
				076C59AE1DDDDE6100F813E2 /* CoreMedia.framework in Frameworks */,
				076C59AC1DDDDE5D00F813E2 /* CoreTelephony.framework in Frameworks */,
			);
			runOnlyForDeploymentPostprocessing = 0;
		};
/* End PBXFrameworksBuildPhase section */

/* Begin PBXGroup section */
		076C59691DDDBC3500F813E2 = {
			isa = PBXGroup;
			children = (
				076C59741DDDBC3500F813E2 /* OpenVideoCall */,
				076C59731DDDBC3500F813E2 /* Products */,
				076C59AA1DDDDE5C00F813E2 /* Frameworks */,
			);
			sourceTree = "<group>";
		};
		076C59731DDDBC3500F813E2 /* Products */ = {
			isa = PBXGroup;
			children = (
				076C59721DDDBC3500F813E2 /* OpenVideoCall.app */,
			);
			name = Products;
			sourceTree = "<group>";
		};
		076C59741DDDBC3500F813E2 /* OpenVideoCall */ = {
			isa = PBXGroup;
			children = (
				076C598F1DDDBCFE00F813E2 /* Controllers */,
				076C59901DDDBD0600F813E2 /* Views */,
				076C59911DDDBD0D00F813E2 /* Models */,
				07D29C5A1E9E1ED900C3583C /* AgoraRtcEngineKit.framework */,
				389D99A6218831C900BFD852 /* AgoraRtcCryptoLoader.framework */,
				389D99A8218831D000BFD852 /* libcrypto.a */,
				076C59781DDDBC3500F813E2 /* AppDelegate.h */,
				076C59791DDDBC3500F813E2 /* AppDelegate.m */,
				076C59811DDDBC3500F813E2 /* Assets.xcassets */,
				076C59831DDDBC3500F813E2 /* LaunchScreen.storyboard */,
				3832FA66227FF94200E50E69 /* Them.mp3 */,
				076C59861DDDBC3500F813E2 /* Info.plist */,
				076C59751DDDBC3500F813E2 /* Supporting Files */,
			);
			path = OpenVideoCall;
			sourceTree = "<group>";
		};
		076C59751DDDBC3500F813E2 /* Supporting Files */ = {
			isa = PBXGroup;
			children = (
				076C59761DDDBC3500F813E2 /* main.m */,
			);
			name = "Supporting Files";
			sourceTree = "<group>";
		};
		076C598F1DDDBCFE00F813E2 /* Controllers */ = {
			isa = PBXGroup;
			children = (
				076C59981DDDBF1500F813E2 /* MainViewController.h */,
				076C59991DDDBF1500F813E2 /* MainViewController.m */,
				076C59921DDDBDE200F813E2 /* SettingsViewController.h */,
				076C59931DDDBDE200F813E2 /* SettingsViewController.m */,
				A7FB1B7322A670B80027986E /* LastmileViewController.h */,
				A7FB1B7422A670B80027986E /* LastmileViewController.m */,
				076C599B1DDDBF2200F813E2 /* RoomViewController.h */,
				076C599C1DDDBF2200F813E2 /* RoomViewController.m */,
				A7FB1B8422A8C96B0027986E /* MessageViewController.h */,
				A7FB1B8522A8C96B0027986E /* MessageViewController.m */,
				A7FB1B8722A8C9850027986E /* RoomOptionsViewController.h */,
				A7FB1B8822A8C9850027986E /* RoomOptionsViewController.m */,
			);
			name = Controllers;
			sourceTree = "<group>";
		};
		076C59901DDDBD0600F813E2 /* Views */ = {
			isa = PBXGroup;
			children = (
				A7FB1BD222AE448D0027986E /* Main.storyboard */,
				076C59941DDDBDE300F813E2 /* DimensionCell.h */,
				076C59951DDDBDE300F813E2 /* DimensionCell.m */,
				A7327ED21FC7C7DB00882882 /* MessageCell.h */,
				A7327ED31FC7C7DB00882882 /* MessageCell.m */,
				076C59A11DDDBF3100F813E2 /* VideoSession.h */,
				076C59A21DDDBF3100F813E2 /* VideoSession.m */,
				076C59A71DDDC9FD00F813E2 /* VideoView.h */,
				076C59A81DDDC9FD00F813E2 /* VideoView.m */,
				076C59A31DDDBF3100F813E2 /* VideoViewLayouter.h */,
				076C59A41DDDBF3100F813E2 /* VideoViewLayouter.m */,
			);
			name = Views;
			sourceTree = "<group>";
		};
		076C59911DDDBD0D00F813E2 /* Models */ = {
			isa = PBXGroup;
			children = (
				076C599D1DDDBF2200F813E2 /* KeyCenter.h */,
				076C599E1DDDBF2200F813E2 /* KeyCenter.m */,
				3832FA5D227FC9DA00E50E69 /* FileCenter.h */,
				3832FA5E227FC9DA00E50E69 /* FileCenter.m */,
				A7FB1B6922A6437B0027986E /* MediaCharater.h */,
				A7FB1B6A22A6437B0027986E /* MediaCharater.m */,
				A7FB1BE222AFABF30027986E /* MediaInfo.h */,
				A7FB1BE322AFABF30027986E /* MediaInfo.m */,
				A7327ECC1FC7B5E300882882 /* Encryption.h */,
				A7327ECD1FC7B5E300882882 /* Encryption.m */,
				A7327ED51FC7C7EE00882882 /* Message.h */,
				A7327ED61FC7C7EE00882882 /* Message.m */,
				A7FB1B6022A638500027986E /* Settings.h */,
				A7FB1B6122A638500027986E /* Settings.m */,
				A7FB1B6622A640680027986E /* CommonExtension.h */,
				A7FB1B6722A640680027986E /* CommonExtension.m */,
			);
			name = Models;
			sourceTree = "<group>";
		};
		076C59AA1DDDDE5C00F813E2 /* Frameworks */ = {
			isa = PBXGroup;
			children = (
				38D619352250BF34004A6C87 /* CoreML.framework */,
				385F305A2122CB13005D5301 /* Accelerate.framework */,
				0FB4FB641FF1F979006C7AE3 /* SystemConfiguration.framework */,
				07D29C5C1E9E1EFE00C3583C /* libresolv.tbd */,
				076C59B51DDDDE7A00F813E2 /* AVFoundation.framework */,
				076C59B31DDDDE7600F813E2 /* libc++.tbd */,
				076C59B11DDDDE7000F813E2 /* AudioToolbox.framework */,
				076C59AF1DDDDE6900F813E2 /* VideoToolbox.framework */,
				076C59AD1DDDDE6100F813E2 /* CoreMedia.framework */,
				076C59AB1DDDDE5D00F813E2 /* CoreTelephony.framework */,
			);
			name = Frameworks;
			sourceTree = "<group>";
		};
/* End PBXGroup section */

/* Begin PBXNativeTarget section */
		076C59711DDDBC3500F813E2 /* OpenVideoCall */ = {
			isa = PBXNativeTarget;
			buildConfigurationList = 076C59891DDDBC3500F813E2 /* Build configuration list for PBXNativeTarget "OpenVideoCall" */;
			buildPhases = (
				076C596E1DDDBC3500F813E2 /* Sources */,
				076C596F1DDDBC3500F813E2 /* Frameworks */,
				076C59701DDDBC3500F813E2 /* Resources */,
			);
			buildRules = (
			);
			dependencies = (
			);
			name = OpenVideoCall;
			productName = OpenVideoCall;
			productReference = 076C59721DDDBC3500F813E2 /* OpenVideoCall.app */;
			productType = "com.apple.product-type.application";
		};
/* End PBXNativeTarget section */

/* Begin PBXProject section */
		076C596A1DDDBC3500F813E2 /* Project object */ = {
			isa = PBXProject;
			attributes = {
				LastUpgradeCheck = 1020;
				ORGANIZATIONNAME = Agora;
				TargetAttributes = {
					076C59711DDDBC3500F813E2 = {
						CreatedOnToolsVersion = 8.1;
						DevelopmentTeam = 48TB6ZZL5S;
						ProvisioningStyle = Manual;
					};
				};
			};
			buildConfigurationList = 076C596D1DDDBC3500F813E2 /* Build configuration list for PBXProject "OpenVideoCall" */;
			compatibilityVersion = "Xcode 3.2";
			developmentRegion = en;
			hasScannedForEncodings = 0;
			knownRegions = (
				en,
				Base,
			);
			mainGroup = 076C59691DDDBC3500F813E2;
			productRefGroup = 076C59731DDDBC3500F813E2 /* Products */;
			projectDirPath = "";
			projectRoot = "";
			targets = (
				076C59711DDDBC3500F813E2 /* OpenVideoCall */,
			);
		};
/* End PBXProject section */

/* Begin PBXResourcesBuildPhase section */
		076C59701DDDBC3500F813E2 /* Resources */ = {
			isa = PBXResourcesBuildPhase;
			buildActionMask = 2147483647;
			files = (
				3832FA67227FF94300E50E69 /* Them.mp3 in Resources */,
				076C59851DDDBC3500F813E2 /* LaunchScreen.storyboard in Resources */,
				076C59821DDDBC3500F813E2 /* Assets.xcassets in Resources */,
				A7FB1BD422AE448D0027986E /* Main.storyboard in Resources */,
			);
			runOnlyForDeploymentPostprocessing = 0;
		};
/* End PBXResourcesBuildPhase section */

/* Begin PBXSourcesBuildPhase section */
		076C596E1DDDBC3500F813E2 /* Sources */ = {
			isa = PBXSourcesBuildPhase;
			buildActionMask = 2147483647;
			files = (
				A7327ED41FC7C7DB00882882 /* MessageCell.m in Sources */,
				A7FB1B7522A670B80027986E /* LastmileViewController.m in Sources */,
				A7FB1BE422AFABF30027986E /* MediaInfo.m in Sources */,
				076C59A01DDDBF2200F813E2 /* KeyCenter.m in Sources */,
				A7FB1B6222A638500027986E /* Settings.m in Sources */,
				076C59961DDDBDE300F813E2 /* SettingsViewController.m in Sources */,
				076C59A61DDDBF3100F813E2 /* VideoViewLayouter.m in Sources */,
				076C599F1DDDBF2200F813E2 /* RoomViewController.m in Sources */,
				3832FA5F227FC9DA00E50E69 /* FileCenter.m in Sources */,
				076C59971DDDBDE300F813E2 /* DimensionCell.m in Sources */,
				076C59A51DDDBF3100F813E2 /* VideoSession.m in Sources */,
				076C59A91DDDC9FD00F813E2 /* VideoView.m in Sources */,
				A7FB1B8922A8C9850027986E /* RoomOptionsViewController.m in Sources */,
				076C597A1DDDBC3500F813E2 /* AppDelegate.m in Sources */,
				076C599A1DDDBF1500F813E2 /* MainViewController.m in Sources */,
				A7327ED71FC7C7EE00882882 /* Message.m in Sources */,
				A7FB1B6B22A6437B0027986E /* MediaCharater.m in Sources */,
				A7327ECE1FC7B5E300882882 /* Encryption.m in Sources */,
				A7FB1B6822A640680027986E /* CommonExtension.m in Sources */,
				076C59771DDDBC3500F813E2 /* main.m in Sources */,
				A7FB1B8622A8C96B0027986E /* MessageViewController.m in Sources */,
			);
			runOnlyForDeploymentPostprocessing = 0;
		};
/* End PBXSourcesBuildPhase section */

/* Begin PBXVariantGroup section */
		076C59831DDDBC3500F813E2 /* LaunchScreen.storyboard */ = {
			isa = PBXVariantGroup;
			children = (
				076C59841DDDBC3500F813E2 /* Base */,
			);
			name = LaunchScreen.storyboard;
			sourceTree = "<group>";
		};
		A7FB1BD222AE448D0027986E /* Main.storyboard */ = {
			isa = PBXVariantGroup;
			children = (
				A7FB1BD322AE448D0027986E /* Base */,
			);
			name = Main.storyboard;
			sourceTree = "<group>";
		};
/* End PBXVariantGroup section */

/* Begin XCBuildConfiguration section */
		076C59871DDDBC3500F813E2 /* Debug */ = {
			isa = XCBuildConfiguration;
			buildSettings = {
				ALWAYS_SEARCH_USER_PATHS = NO;
				CLANG_ANALYZER_LOCALIZABILITY_NONLOCALIZED = YES;
				CLANG_ANALYZER_NONNULL = YES;
				CLANG_CXX_LANGUAGE_STANDARD = "gnu++0x";
				CLANG_CXX_LIBRARY = "libc++";
				CLANG_ENABLE_MODULES = YES;
				CLANG_ENABLE_OBJC_ARC = YES;
				CLANG_WARN_BLOCK_CAPTURE_AUTORELEASING = YES;
				CLANG_WARN_BOOL_CONVERSION = YES;
				CLANG_WARN_COMMA = YES;
				CLANG_WARN_CONSTANT_CONVERSION = YES;
				CLANG_WARN_DEPRECATED_OBJC_IMPLEMENTATIONS = YES;
				CLANG_WARN_DIRECT_OBJC_ISA_USAGE = YES_ERROR;
				CLANG_WARN_DOCUMENTATION_COMMENTS = YES;
				CLANG_WARN_EMPTY_BODY = YES;
				CLANG_WARN_ENUM_CONVERSION = YES;
				CLANG_WARN_INFINITE_RECURSION = YES;
				CLANG_WARN_INT_CONVERSION = YES;
				CLANG_WARN_NON_LITERAL_NULL_CONVERSION = YES;
				CLANG_WARN_OBJC_IMPLICIT_RETAIN_SELF = YES;
				CLANG_WARN_OBJC_LITERAL_CONVERSION = YES;
				CLANG_WARN_OBJC_ROOT_CLASS = YES_ERROR;
				CLANG_WARN_RANGE_LOOP_ANALYSIS = YES;
				CLANG_WARN_STRICT_PROTOTYPES = YES;
				CLANG_WARN_SUSPICIOUS_MOVE = YES;
				CLANG_WARN_SUSPICIOUS_MOVES = YES;
				CLANG_WARN_UNREACHABLE_CODE = YES;
				CLANG_WARN__DUPLICATE_METHOD_MATCH = YES;
				"CODE_SIGN_IDENTITY[sdk=iphoneos*]" = "iPhone Developer";
				COPY_PHASE_STRIP = NO;
				DEBUG_INFORMATION_FORMAT = dwarf;
				ENABLE_STRICT_OBJC_MSGSEND = YES;
				ENABLE_TESTABILITY = YES;
				GCC_C_LANGUAGE_STANDARD = gnu99;
				GCC_DYNAMIC_NO_PIC = NO;
				GCC_NO_COMMON_BLOCKS = YES;
				GCC_OPTIMIZATION_LEVEL = 0;
				GCC_PREPROCESSOR_DEFINITIONS = (
					"DEBUG=1",
					"$(inherited)",
				);
				GCC_WARN_64_TO_32_BIT_CONVERSION = YES;
				GCC_WARN_ABOUT_RETURN_TYPE = YES_ERROR;
				GCC_WARN_UNDECLARED_SELECTOR = YES;
				GCC_WARN_UNINITIALIZED_AUTOS = YES_AGGRESSIVE;
				GCC_WARN_UNUSED_FUNCTION = YES;
				GCC_WARN_UNUSED_VARIABLE = YES;
				IPHONEOS_DEPLOYMENT_TARGET = 10.1;
				MTL_ENABLE_DEBUG_INFO = YES;
				ONLY_ACTIVE_ARCH = YES;
				SDKROOT = iphoneos;
				TARGETED_DEVICE_FAMILY = "1,2";
			};
			name = Debug;
		};
		076C59881DDDBC3500F813E2 /* Release */ = {
			isa = XCBuildConfiguration;
			buildSettings = {
				ALWAYS_SEARCH_USER_PATHS = NO;
				CLANG_ANALYZER_LOCALIZABILITY_NONLOCALIZED = YES;
				CLANG_ANALYZER_NONNULL = YES;
				CLANG_CXX_LANGUAGE_STANDARD = "gnu++0x";
				CLANG_CXX_LIBRARY = "libc++";
				CLANG_ENABLE_MODULES = YES;
				CLANG_ENABLE_OBJC_ARC = YES;
				CLANG_WARN_BLOCK_CAPTURE_AUTORELEASING = YES;
				CLANG_WARN_BOOL_CONVERSION = YES;
				CLANG_WARN_COMMA = YES;
				CLANG_WARN_CONSTANT_CONVERSION = YES;
				CLANG_WARN_DEPRECATED_OBJC_IMPLEMENTATIONS = YES;
				CLANG_WARN_DIRECT_OBJC_ISA_USAGE = YES_ERROR;
				CLANG_WARN_DOCUMENTATION_COMMENTS = YES;
				CLANG_WARN_EMPTY_BODY = YES;
				CLANG_WARN_ENUM_CONVERSION = YES;
				CLANG_WARN_INFINITE_RECURSION = YES;
				CLANG_WARN_INT_CONVERSION = YES;
				CLANG_WARN_NON_LITERAL_NULL_CONVERSION = YES;
				CLANG_WARN_OBJC_IMPLICIT_RETAIN_SELF = YES;
				CLANG_WARN_OBJC_LITERAL_CONVERSION = YES;
				CLANG_WARN_OBJC_ROOT_CLASS = YES_ERROR;
				CLANG_WARN_RANGE_LOOP_ANALYSIS = YES;
				CLANG_WARN_STRICT_PROTOTYPES = YES;
				CLANG_WARN_SUSPICIOUS_MOVE = YES;
				CLANG_WARN_SUSPICIOUS_MOVES = YES;
				CLANG_WARN_UNREACHABLE_CODE = YES;
				CLANG_WARN__DUPLICATE_METHOD_MATCH = YES;
				"CODE_SIGN_IDENTITY[sdk=iphoneos*]" = "iPhone Developer";
				COPY_PHASE_STRIP = NO;
				DEBUG_INFORMATION_FORMAT = "dwarf-with-dsym";
				ENABLE_NS_ASSERTIONS = NO;
				ENABLE_STRICT_OBJC_MSGSEND = YES;
				GCC_C_LANGUAGE_STANDARD = gnu99;
				GCC_NO_COMMON_BLOCKS = YES;
				GCC_WARN_64_TO_32_BIT_CONVERSION = YES;
				GCC_WARN_ABOUT_RETURN_TYPE = YES_ERROR;
				GCC_WARN_UNDECLARED_SELECTOR = YES;
				GCC_WARN_UNINITIALIZED_AUTOS = YES_AGGRESSIVE;
				GCC_WARN_UNUSED_FUNCTION = YES;
				GCC_WARN_UNUSED_VARIABLE = YES;
				IPHONEOS_DEPLOYMENT_TARGET = 10.1;
				MTL_ENABLE_DEBUG_INFO = NO;
				SDKROOT = iphoneos;
				TARGETED_DEVICE_FAMILY = "1,2";
				VALIDATE_PRODUCT = YES;
			};
			name = Release;
		};
		076C598A1DDDBC3500F813E2 /* Debug */ = {
			isa = XCBuildConfiguration;
			buildSettings = {
				ASSETCATALOG_COMPILER_APPICON_NAME = AppIcon;
				CODE_SIGN_IDENTITY = "iPhone Developer";
				CODE_SIGN_STYLE = Automatic;
				DEVELOPMENT_TEAM = "";
				ENABLE_BITCODE = NO;
				FRAMEWORK_SEARCH_PATHS = (
					"$(inherited)",
					"$(PROJECT_DIR)/OpenVideoCall",
				);
				INFOPLIST_FILE = OpenVideoCall/Info.plist;
				IPHONEOS_DEPLOYMENT_TARGET = 9.0;
				LD_RUNPATH_SEARCH_PATHS = "$(inherited) @executable_path/Frameworks";
				LIBRARY_SEARCH_PATHS = (
					"$(inherited)",
					"$(PROJECT_DIR)/OpenVideoCall",
				);
				PRODUCT_BUNDLE_IDENTIFIER = io.agora.OpenVideoCall;
				PRODUCT_NAME = "$(TARGET_NAME)";
				PROVISIONING_PROFILE = "dc253ab3-71e4-40a3-a57c-a3a763407202";
				PROVISIONING_PROFILE_SPECIFIER = "";
				TARGETED_DEVICE_FAMILY = "1,2";
			};
			name = Debug;
		};
		076C598B1DDDBC3500F813E2 /* Release */ = {
			isa = XCBuildConfiguration;
			buildSettings = {
				ASSETCATALOG_COMPILER_APPICON_NAME = AppIcon;
				CODE_SIGN_IDENTITY = "iPhone Developer";
				CODE_SIGN_STYLE = Automatic;
				DEVELOPMENT_TEAM = "";
				ENABLE_BITCODE = NO;
				FRAMEWORK_SEARCH_PATHS = (
					"$(inherited)",
					"$(PROJECT_DIR)/OpenVideoCall",
				);
				INFOPLIST_FILE = OpenVideoCall/Info.plist;
				IPHONEOS_DEPLOYMENT_TARGET = 9.0;
				LD_RUNPATH_SEARCH_PATHS = "$(inherited) @executable_path/Frameworks";
				LIBRARY_SEARCH_PATHS = (
					"$(inherited)",
					"$(PROJECT_DIR)/OpenVideoCall",
				);
				PRODUCT_BUNDLE_IDENTIFIER = io.agora.OpenVideoCall;
				PRODUCT_NAME = "$(TARGET_NAME)";
				PROVISIONING_PROFILE = "dc253ab3-71e4-40a3-a57c-a3a763407202";
				PROVISIONING_PROFILE_SPECIFIER = "";
				TARGETED_DEVICE_FAMILY = "1,2";
			};
			name = Release;
		};
/* End XCBuildConfiguration section */

/* Begin XCConfigurationList section */
		076C596D1DDDBC3500F813E2 /* Build configuration list for PBXProject "OpenVideoCall" */ = {
			isa = XCConfigurationList;
			buildConfigurations = (
				076C59871DDDBC3500F813E2 /* Debug */,
				076C59881DDDBC3500F813E2 /* Release */,
			);
			defaultConfigurationIsVisible = 0;
			defaultConfigurationName = Release;
		};
		076C59891DDDBC3500F813E2 /* Build configuration list for PBXNativeTarget "OpenVideoCall" */ = {
			isa = XCConfigurationList;
			buildConfigurations = (
				076C598A1DDDBC3500F813E2 /* Debug */,
				076C598B1DDDBC3500F813E2 /* Release */,
			);
			defaultConfigurationIsVisible = 0;
			defaultConfigurationName = Release;
		};
/* End XCConfigurationList section */
	};
	rootObject = 076C596A1DDDBC3500F813E2 /* Project object */;
}
